// !$*UTF8*$!
{
	archiveVersion = 1;
	classes = {
	};
	objectVersion = 56;
	objects = {

/* Begin PBXBuildFile section */
		3820FF222AC1DB5000FA7A2F /* AppDelegate.swift in Sources */ = {isa = PBXBuildFile; fileRef = 3820FF212AC1DB5000FA7A2F /* AppDelegate.swift */; };
		3820FF242AC1DB5000FA7A2F /* SceneDelegate.swift in Sources */ = {isa = PBXBuildFile; fileRef = 3820FF232AC1DB5000FA7A2F /* SceneDelegate.swift */; };
		3820FF262AC1DB5000FA7A2F /* ViewController.swift in Sources */ = {isa = PBXBuildFile; fileRef = 3820FF252AC1DB5000FA7A2F /* ViewController.swift */; };
		3820FF292AC1DB5000FA7A2F /* Main.storyboard in Resources */ = {isa = PBXBuildFile; fileRef = 3820FF272AC1DB5000FA7A2F /* Main.storyboard */; };
		3820FF2B2AC1DB5100FA7A2F /* Assets.xcassets in Resources */ = {isa = PBXBuildFile; fileRef = 3820FF2A2AC1DB5100FA7A2F /* Assets.xcassets */; };
		3820FF2E2AC1DB5100FA7A2F /* LaunchScreen.storyboard in Resources */ = {isa = PBXBuildFile; fileRef = 3820FF2C2AC1DB5100FA7A2F /* LaunchScreen.storyboard */; };
		3820FF392AC1DB5100FA7A2F /* CalculatorTests.swift in Sources */ = {isa = PBXBuildFile; fileRef = 3820FF382AC1DB5100FA7A2F /* CalculatorTests.swift */; };
		3820FF432AC1DB5100FA7A2F /* CalculatorUITests.swift in Sources */ = {isa = PBXBuildFile; fileRef = 3820FF422AC1DB5100FA7A2F /* CalculatorUITests.swift */; };
		3820FF452AC1DB5100FA7A2F /* CalculatorUITestsLaunchTests.swift in Sources */ = {isa = PBXBuildFile; fileRef = 3820FF442AC1DB5100FA7A2F /* CalculatorUITestsLaunchTests.swift */; };
		3820FF882AC1DFE700FA7A2F /* RoundButton.swift in Sources */ = {isa = PBXBuildFile; fileRef = 3820FF872AC1DFE700FA7A2F /* RoundButton.swift */; };
/* End PBXBuildFile section */

/* Begin PBXContainerItemProxy section */
		3820FF352AC1DB5100FA7A2F /* PBXContainerItemProxy */ = {
			isa = PBXContainerItemProxy;
			containerPortal = 3820FF162AC1DB5000FA7A2F /* Project object */;
			proxyType = 1;
			remoteGlobalIDString = 3820FF1D2AC1DB5000FA7A2F;
			remoteInfo = Calculator;
		};
		3820FF3F2AC1DB5100FA7A2F /* PBXContainerItemProxy */ = {
			isa = PBXContainerItemProxy;
			containerPortal = 3820FF162AC1DB5000FA7A2F /* Project object */;
			proxyType = 1;
			remoteGlobalIDString = 3820FF1D2AC1DB5000FA7A2F;
			remoteInfo = Calculator;
		};
/* End PBXContainerItemProxy section */

/* Begin PBXFileReference section */
		3820FF1E2AC1DB5000FA7A2F /* Calculator.app */ = {isa = PBXFileReference; explicitFileType = wrapper.application; includeInIndex = 0; path = Calculator.app; sourceTree = BUILT_PRODUCTS_DIR; };
		3820FF212AC1DB5000FA7A2F /* AppDelegate.swift */ = {isa = PBXFileReference; lastKnownFileType = sourcecode.swift; path = AppDelegate.swift; sourceTree = "<group>"; };
		3820FF232AC1DB5000FA7A2F /* SceneDelegate.swift */ = {isa = PBXFileReference; lastKnownFileType = sourcecode.swift; path = SceneDelegate.swift; sourceTree = "<group>"; };
		3820FF252AC1DB5000FA7A2F /* ViewController.swift */ = {isa = PBXFileReference; lastKnownFileType = sourcecode.swift; path = ViewController.swift; sourceTree = "<group>"; };
		3820FF282AC1DB5000FA7A2F /* Base */ = {isa = PBXFileReference; lastKnownFileType = file.storyboard; name = Base; path = Base.lproj/Main.storyboard; sourceTree = "<group>"; };
		3820FF2A2AC1DB5100FA7A2F /* Assets.xcassets */ = {isa = PBXFileReference; lastKnownFileType = folder.assetcatalog; path = Assets.xcassets; sourceTree = "<group>"; };
		3820FF2D2AC1DB5100FA7A2F /* Base */ = {isa = PBXFileReference; lastKnownFileType = file.storyboard; name = Base; path = Base.lproj/LaunchScreen.storyboard; sourceTree = "<group>"; };
		3820FF2F2AC1DB5100FA7A2F /* Info.plist */ = {isa = PBXFileReference; lastKnownFileType = text.plist.xml; path = Info.plist; sourceTree = "<group>"; };
		3820FF342AC1DB5100FA7A2F /* CalculatorTests.xctest */ = {isa = PBXFileReference; explicitFileType = wrapper.cfbundle; includeInIndex = 0; path = CalculatorTests.xctest; sourceTree = BUILT_PRODUCTS_DIR; };
		3820FF382AC1DB5100FA7A2F /* CalculatorTests.swift */ = {isa = PBXFileReference; lastKnownFileType = sourcecode.swift; path = CalculatorTests.swift; sourceTree = "<group>"; };
		3820FF3E2AC1DB5100FA7A2F /* CalculatorUITests.xctest */ = {isa = PBXFileReference; explicitFileType = wrapper.cfbundle; includeInIndex = 0; path = CalculatorUITests.xctest; sourceTree = BUILT_PRODUCTS_DIR; };
		3820FF422AC1DB5100FA7A2F /* CalculatorUITests.swift */ = {isa = PBXFileReference; lastKnownFileType = sourcecode.swift; path = CalculatorUITests.swift; sourceTree = "<group>"; };
		3820FF442AC1DB5100FA7A2F /* CalculatorUITestsLaunchTests.swift */ = {isa = PBXFileReference; lastKnownFileType = sourcecode.swift; path = CalculatorUITestsLaunchTests.swift; sourceTree = "<group>"; };
		3820FF872AC1DFE700FA7A2F /* RoundButton.swift */ = {isa = PBXFileReference; lastKnownFileType = sourcecode.swift; path = RoundButton.swift; sourceTree = "<group>"; };
/* End PBXFileReference section */

/* Begin PBXFrameworksBuildPhase section */
		3820FF1B2AC1DB5000FA7A2F /* Frameworks */ = {
			isa = PBXFrameworksBuildPhase;
			buildActionMask = 2147483647;
			files = (
			);
			runOnlyForDeploymentPostprocessing = 0;
		};
		3820FF312AC1DB5100FA7A2F /* Frameworks */ = {
			isa = PBXFrameworksBuildPhase;
			buildActionMask = 2147483647;
			files = (
			);
			runOnlyForDeploymentPostprocessing = 0;
		};
		3820FF3B2AC1DB5100FA7A2F /* Frameworks */ = {
			isa = PBXFrameworksBuildPhase;
			buildActionMask = 2147483647;
			files = (
			);
			runOnlyForDeploymentPostprocessing = 0;
		};
/* End PBXFrameworksBuildPhase section */

/* Begin PBXGroup section */
		3820FF152AC1DB5000FA7A2F = {
			isa = PBXGroup;
			children = (
				3820FF202AC1DB5000FA7A2F /* Calculator */,
				3820FF372AC1DB5100FA7A2F /* CalculatorTests */,
				3820FF412AC1DB5100FA7A2F /* CalculatorUITests */,
				3820FF1F2AC1DB5000FA7A2F /* Products */,
			);
			sourceTree = "<group>";
		};
		3820FF1F2AC1DB5000FA7A2F /* Products */ = {
			isa = PBXGroup;
			children = (
				3820FF1E2AC1DB5000FA7A2F /* Calculator.app */,
				3820FF342AC1DB5100FA7A2F /* CalculatorTests.xctest */,
				3820FF3E2AC1DB5100FA7A2F /* CalculatorUITests.xctest */,
			);
			name = Products;
			sourceTree = "<group>";
		};
		3820FF202AC1DB5000FA7A2F /* Calculator */ = {
			isa = PBXGroup;
			children = (
				3820FF212AC1DB5000FA7A2F /* AppDelegate.swift */,
				3820FF232AC1DB5000FA7A2F /* SceneDelegate.swift */,
				3820FF252AC1DB5000FA7A2F /* ViewController.swift */,
				3820FF872AC1DFE700FA7A2F /* RoundButton.swift */,
				3820FF272AC1DB5000FA7A2F /* Main.storyboard */,
				3820FF2A2AC1DB5100FA7A2F /* Assets.xcassets */,
				3820FF2C2AC1DB5100FA7A2F /* LaunchScreen.storyboard */,
				3820FF2F2AC1DB5100FA7A2F /* Info.plist */,
			);
			path = Calculator;
			sourceTree = "<group>";
		};
		3820FF372AC1DB5100FA7A2F /* CalculatorTests */ = {
			isa = PBXGroup;
			children = (
				3820FF382AC1DB5100FA7A2F /* CalculatorTests.swift */,
			);
			path = CalculatorTests;
			sourceTree = "<group>";
		};
		3820FF412AC1DB5100FA7A2F /* CalculatorUITests */ = {
			isa = PBXGroup;
			children = (
				3820FF422AC1DB5100FA7A2F /* CalculatorUITests.swift */,
				3820FF442AC1DB5100FA7A2F /* CalculatorUITestsLaunchTests.swift */,
			);
			path = CalculatorUITests;
			sourceTree = "<group>";
		};
/* End PBXGroup section */

/* Begin PBXNativeTarget section */
		3820FF1D2AC1DB5000FA7A2F /* Calculator */ = {
			isa = PBXNativeTarget;
			buildConfigurationList = 3820FF482AC1DB5100FA7A2F /* Build configuration list for PBXNativeTarget "Calculator" */;
			buildPhases = (
				3820FF1A2AC1DB5000FA7A2F /* Sources */,
				3820FF1B2AC1DB5000FA7A2F /* Frameworks */,
				3820FF1C2AC1DB5000FA7A2F /* Resources */,
			);
			buildRules = (
			);
			dependencies = (
			);
			name = Calculator;
			productName = Calculator;
			productReference = 3820FF1E2AC1DB5000FA7A2F /* Calculator.app */;
			productType = "com.apple.product-type.application";
		};
		3820FF332AC1DB5100FA7A2F /* CalculatorTests */ = {
			isa = PBXNativeTarget;
			buildConfigurationList = 3820FF4B2AC1DB5100FA7A2F /* Build configuration list for PBXNativeTarget "CalculatorTests" */;
			buildPhases = (
				3820FF302AC1DB5100FA7A2F /* Sources */,
				3820FF312AC1DB5100FA7A2F /* Frameworks */,
				3820FF322AC1DB5100FA7A2F /* Resources */,
			);
			buildRules = (
			);
			dependencies = (
				3820FF362AC1DB5100FA7A2F /* PBXTargetDependency */,
			);
			name = CalculatorTests;
			productName = CalculatorTests;
			productReference = 3820FF342AC1DB5100FA7A2F /* CalculatorTests.xctest */;
			productType = "com.apple.product-type.bundle.unit-test";
		};
		3820FF3D2AC1DB5100FA7A2F /* CalculatorUITests */ = {
			isa = PBXNativeTarget;
			buildConfigurationList = 3820FF4E2AC1DB5100FA7A2F /* Build configuration list for PBXNativeTarget "CalculatorUITests" */;
			buildPhases = (
				3820FF3A2AC1DB5100FA7A2F /* Sources */,
				3820FF3B2AC1DB5100FA7A2F /* Frameworks */,
				3820FF3C2AC1DB5100FA7A2F /* Resources */,
			);
			buildRules = (
			);
			dependencies = (
				3820FF402AC1DB5100FA7A2F /* PBXTargetDependency */,
			);
			name = CalculatorUITests;
			productName = CalculatorUITests;
			productReference = 3820FF3E2AC1DB5100FA7A2F /* CalculatorUITests.xctest */;
			productType = "com.apple.product-type.bundle.ui-testing";
		};
/* End PBXNativeTarget section */

/* Begin PBXProject section */
		3820FF162AC1DB5000FA7A2F /* Project object */ = {
			isa = PBXProject;
			attributes = {
				BuildIndependentTargetsInParallel = 1;
				LastSwiftUpdateCheck = 1430;
				LastUpgradeCheck = 1430;
				TargetAttributes = {
					3820FF1D2AC1DB5000FA7A2F = {
						CreatedOnToolsVersion = 14.3.1;
					};
					3820FF332AC1DB5100FA7A2F = {
						CreatedOnToolsVersion = 14.3.1;
						TestTargetID = 3820FF1D2AC1DB5000FA7A2F;
					};
					3820FF3D2AC1DB5100FA7A2F = {
						CreatedOnToolsVersion = 14.3.1;
						TestTargetID = 3820FF1D2AC1DB5000FA7A2F;
					};
				};
			};
			buildConfigurationList = 3820FF192AC1DB5000FA7A2F /* Build configuration list for PBXProject "Calculator" */;
			compatibilityVersion = "Xcode 14.0";
			developmentRegion = en;
			hasScannedForEncodings = 0;
			knownRegions = (
				en,
				Base,
			);
			mainGroup = 3820FF152AC1DB5000FA7A2F;
			productRefGroup = 3820FF1F2AC1DB5000FA7A2F /* Products */;
			projectDirPath = "";
			projectRoot = "";
			targets = (
				3820FF1D2AC1DB5000FA7A2F /* Calculator */,
				3820FF332AC1DB5100FA7A2F /* CalculatorTests */,
				3820FF3D2AC1DB5100FA7A2F /* CalculatorUITests */,
			);
		};
/* End PBXProject section */

/* Begin PBXResourcesBuildPhase section */
		3820FF1C2AC1DB5000FA7A2F /* Resources */ = {
			isa = PBXResourcesBuildPhase;
			buildActionMask = 2147483647;
			files = (
				3820FF2E2AC1DB5100FA7A2F /* LaunchScreen.storyboard in Resources */,
				3820FF2B2AC1DB5100FA7A2F /* Assets.xcassets in Resources */,
				3820FF292AC1DB5000FA7A2F /* Main.storyboard in Resources */,
			);
			runOnlyForDeploymentPostprocessing = 0;
		};
		3820FF322AC1DB5100FA7A2F /* Resources */ = {
			isa = PBXResourcesBuildPhase;
			buildActionMask = 2147483647;
			files = (
			);
			runOnlyForDeploymentPostprocessing = 0;
		};
		3820FF3C2AC1DB5100FA7A2F /* Resources */ = {
			isa = PBXResourcesBuildPhase;
			buildActionMask = 2147483647;
			files = (
			);
			runOnlyForDeploymentPostprocessing = 0;
		};
/* End PBXResourcesBuildPhase section */

/* Begin PBXSourcesBuildPhase section */
		3820FF1A2AC1DB5000FA7A2F /* Sources */ = {
			isa = PBXSourcesBuildPhase;
			buildActionMask = 2147483647;
			files = (
				3820FF882AC1DFE700FA7A2F /* RoundButton.swift in Sources */,
				3820FF262AC1DB5000FA7A2F /* ViewController.swift in Sources */,
				3820FF222AC1DB5000FA7A2F /* AppDelegate.swift in Sources */,
				3820FF242AC1DB5000FA7A2F /* SceneDelegate.swift in Sources */,
			);
			runOnlyForDeploymentPostprocessing = 0;
		};
		3820FF302AC1DB5100FA7A2F /* Sources */ = {
			isa = PBXSourcesBuildPhase;
			buildActionMask = 2147483647;
			files = (
				3820FF392AC1DB5100FA7A2F /* CalculatorTests.swift in Sources */,
			);
			runOnlyForDeploymentPostprocessing = 0;
		};
		3820FF3A2AC1DB5100FA7A2F /* Sources */ = {
			isa = PBXSourcesBuildPhase;
			buildActionMask = 2147483647;
			files = (
				3820FF452AC1DB5100FA7A2F /* CalculatorUITestsLaunchTests.swift in Sources */,
				3820FF432AC1DB5100FA7A2F /* CalculatorUITests.swift in Sources */,
			);
			runOnlyForDeploymentPostprocessing = 0;
		};
/* End PBXSourcesBuildPhase section */

/* Begin PBXTargetDependency section */
		3820FF362AC1DB5100FA7A2F /* PBXTargetDependency */ = {
			isa = PBXTargetDependency;
			target = 3820FF1D2AC1DB5000FA7A2F /* Calculator */;
			targetProxy = 3820FF352AC1DB5100FA7A2F /* PBXContainerItemProxy */;
		};
		3820FF402AC1DB5100FA7A2F /* PBXTargetDependency */ = {
			isa = PBXTargetDependency;
			target = 3820FF1D2AC1DB5000FA7A2F /* Calculator */;
			targetProxy = 3820FF3F2AC1DB5100FA7A2F /* PBXContainerItemProxy */;
		};
/* End PBXTargetDependency section */

/* Begin PBXVariantGroup section */
		3820FF272AC1DB5000FA7A2F /* Main.storyboard */ = {
			isa = PBXVariantGroup;
			children = (
				3820FF282AC1DB5000FA7A2F /* Base */,
			);
			name = Main.storyboard;
			sourceTree = "<group>";
		};
		3820FF2C2AC1DB5100FA7A2F /* LaunchScreen.storyboard */ = {
			isa = PBXVariantGroup;
			children = (
				3820FF2D2AC1DB5100FA7A2F /* Base */,
			);
			name = LaunchScreen.storyboard;
			sourceTree = "<group>";
		};
/* End PBXVariantGroup section */

/* Begin XCBuildConfiguration section */
		3820FF462AC1DB5100FA7A2F /* Debug */ = {
			isa = XCBuildConfiguration;
			buildSettings = {
				ALWAYS_SEARCH_USER_PATHS = NO;
				CLANG_ANALYZER_NONNULL = YES;
				CLANG_ANALYZER_NUMBER_OBJECT_CONVERSION = YES_AGGRESSIVE;
				CLANG_CXX_LANGUAGE_STANDARD = "gnu++20";
				CLANG_ENABLE_MODULES = YES;
				CLANG_ENABLE_OBJC_ARC = YES;
				CLANG_ENABLE_OBJC_WEAK = YES;
				CLANG_WARN_BLOCK_CAPTURE_AUTORELEASING = YES;
				CLANG_WARN_BOOL_CONVERSION = YES;
				CLANG_WARN_COMMA = YES;
				CLANG_WARN_CONSTANT_CONVERSION = YES;
				CLANG_WARN_DEPRECATED_OBJC_IMPLEMENTATIONS = YES;
				CLANG_WARN_DIRECT_OBJC_ISA_USAGE = YES_ERROR;
				CLANG_WARN_DOCUMENTATION_COMMENTS = YES;
				CLANG_WARN_EMPTY_BODY = YES;
				CLANG_WARN_ENUM_CONVERSION = YES;
				CLANG_WARN_INFINITE_RECURSION = YES;
				CLANG_WARN_INT_CONVERSION = YES;
				CLANG_WARN_NON_LITERAL_NULL_CONVERSION = YES;
				CLANG_WARN_OBJC_IMPLICIT_RETAIN_SELF = YES;
				CLANG_WARN_OBJC_LITERAL_CONVERSION = YES;
				CLANG_WARN_OBJC_ROOT_CLASS = YES_ERROR;
				CLANG_WARN_QUOTED_INCLUDE_IN_FRAMEWORK_HEADER = YES;
				CLANG_WARN_RANGE_LOOP_ANALYSIS = YES;
				CLANG_WARN_STRICT_PROTOTYPES = YES;
				CLANG_WARN_SUSPICIOUS_MOVE = YES;
				CLANG_WARN_UNGUARDED_AVAILABILITY = YES_AGGRESSIVE;
				CLANG_WARN_UNREACHABLE_CODE = YES;
				CLANG_WARN__DUPLICATE_METHOD_MATCH = YES;
				COPY_PHASE_STRIP = NO;
				DEBUG_INFORMATION_FORMAT = dwarf;
				ENABLE_STRICT_OBJC_MSGSEND = YES;
				ENABLE_TESTABILITY = YES;
				GCC_C_LANGUAGE_STANDARD = gnu11;
				GCC_DYNAMIC_NO_PIC = NO;
				GCC_NO_COMMON_BLOCKS = YES;
				GCC_OPTIMIZATION_LEVEL = 0;
				GCC_PREPROCESSOR_DEFINITIONS = (
					"DEBUG=1",
					"$(inherited)",
				);
				GCC_WARN_64_TO_32_BIT_CONVERSION = YES;
				GCC_WARN_ABOUT_RETURN_TYPE = YES_ERROR;
				GCC_WARN_UNDECLARED_SELECTOR = YES;
				GCC_WARN_UNINITIALIZED_AUTOS = YES_AGGRESSIVE;
				GCC_WARN_UNUSED_FUNCTION = YES;
				GCC_WARN_UNUSED_VARIABLE = YES;
				IPHONEOS_DEPLOYMENT_TARGET = 16.4;
				MTL_ENABLE_DEBUG_INFO = INCLUDE_SOURCE;
				MTL_FAST_MATH = YES;
				ONLY_ACTIVE_ARCH = YES;
				SDKROOT = iphoneos;
				SWIFT_ACTIVE_COMPILATION_CONDITIONS = DEBUG;
				SWIFT_OPTIMIZATION_LEVEL = "-Onone";
			};
			name = Debug;
		};
		3820FF472AC1DB5100FA7A2F /* Release */ = {
			isa = XCBuildConfiguration;
			buildSettings = {
				ALWAYS_SEARCH_USER_PATHS = NO;
				CLANG_ANALYZER_NONNULL = YES;
				CLANG_ANALYZER_NUMBER_OBJECT_CONVERSION = YES_AGGRESSIVE;
				CLANG_CXX_LANGUAGE_STANDARD = "gnu++20";
				CLANG_ENABLE_MODULES = YES;
				CLANG_ENABLE_OBJC_ARC = YES;
				CLANG_ENABLE_OBJC_WEAK = YES;
				CLANG_WARN_BLOCK_CAPTURE_AUTORELEASING = YES;
				CLANG_WARN_BOOL_CONVERSION = YES;
				CLANG_WARN_COMMA = YES;
				CLANG_WARN_CONSTANT_CONVERSION = YES;
				CLANG_WARN_DEPRECATED_OBJC_IMPLEMENTATIONS = YES;
				CLANG_WARN_DIRECT_OBJC_ISA_USAGE = YES_ERROR;
				CLANG_WARN_DOCUMENTATION_COMMENTS = YES;
				CLANG_WARN_EMPTY_BODY = YES;
				CLANG_WARN_ENUM_CONVERSION = YES;
				CLANG_WARN_INFINITE_RECURSION = YES;
				CLANG_WARN_INT_CONVERSION = YES;
				CLANG_WARN_NON_LITERAL_NULL_CONVERSION = YES;
				CLANG_WARN_OBJC_IMPLICIT_RETAIN_SELF = YES;
				CLANG_WARN_OBJC_LITERAL_CONVERSION = YES;
				CLANG_WARN_OBJC_ROOT_CLASS = YES_ERROR;
				CLANG_WARN_QUOTED_INCLUDE_IN_FRAMEWORK_HEADER = YES;
				CLANG_WARN_RANGE_LOOP_ANALYSIS = YES;
				CLANG_WARN_STRICT_PROTOTYPES = YES;
				CLANG_WARN_SUSPICIOUS_MOVE = YES;
				CLANG_WARN_UNGUARDED_AVAILABILITY = YES_AGGRESSIVE;
				CLANG_WARN_UNREACHABLE_CODE = YES;
				CLANG_WARN__DUPLICATE_METHOD_MATCH = YES;
				COPY_PHASE_STRIP = NO;
				DEBUG_INFORMATION_FORMAT = "dwarf-with-dsym";
				ENABLE_NS_ASSERTIONS = NO;
				ENABLE_STRICT_OBJC_MSGSEND = YES;
				GCC_C_LANGUAGE_STANDARD = gnu11;
				GCC_NO_COMMON_BLOCKS = YES;
				GCC_WARN_64_TO_32_BIT_CONVERSION = YES;
				GCC_WARN_ABOUT_RETURN_TYPE = YES_ERROR;
				GCC_WARN_UNDECLARED_SELECTOR = YES;
				GCC_WARN_UNINITIALIZED_AUTOS = YES_AGGRESSIVE;
				GCC_WARN_UNUSED_FUNCTION = YES;
				GCC_WARN_UNUSED_VARIABLE = YES;
				IPHONEOS_DEPLOYMENT_TARGET = 16.4;
				MTL_ENABLE_DEBUG_INFO = NO;
				MTL_FAST_MATH = YES;
				SDKROOT = iphoneos;
				SWIFT_COMPILATION_MODE = wholemodule;
				SWIFT_OPTIMIZATION_LEVEL = "-O";
				VALIDATE_PRODUCT = YES;
			};
			name = Release;
		};
		3820FF492AC1DB5100FA7A2F /* Debug */ = {
			isa = XCBuildConfiguration;
			buildSettings = {
				ASSETCATALOG_COMPILER_APPICON_NAME = AppIcon;
				ASSETCATALOG_COMPILER_GLOBAL_ACCENT_COLOR_NAME = AccentColor;
				CODE_SIGN_STYLE = Automatic;
				CURRENT_PROJECT_VERSION = 1;
				DEVELOPMENT_TEAM = 6XVTBTTTFN;
				GENERATE_INFOPLIST_FILE = YES;
				INFOPLIST_FILE = Calculator/Info.plist;
				INFOPLIST_KEY_UIApplicationSupportsIndirectInputEvents = YES;
				INFOPLIST_KEY_UILaunchStoryboardName = LaunchScreen;
				INFOPLIST_KEY_UIMainStoryboardFile = Main;
				INFOPLIST_KEY_UISupportedInterfaceOrientations_iPad = "UIInterfaceOrientationPortrait UIInterfaceOrientationPortraitUpsideDown UIInterfaceOrientationLandscapeLeft UIInterfaceOrientationLandscapeRight";
				INFOPLIST_KEY_UISupportedInterfaceOrientations_iPhone = "UIInterfaceOrientationPortrait UIInterfaceOrientationLandscapeLeft UIInterfaceOrientationLandscapeRight";
				LD_RUNPATH_SEARCH_PATHS = (
					"$(inherited)",
					"@executable_path/Frameworks",
				);
				MARKETING_VERSION = 1.0;
				PRODUCT_BUNDLE_IDENTIFIER = uno.Calculator;
				PRODUCT_NAME = "$(TARGET_NAME)";
				SWIFT_EMIT_LOC_STRINGS = YES;
				SWIFT_VERSION = 5.0;
				TARGETED_DEVICE_FAMILY = "1,2";
			};
			name = Debug;
		};
		3820FF4A2AC1DB5100FA7A2F /* Release */ = {
			isa = XCBuildConfiguration;
			buildSettings = {
				ASSETCATALOG_COMPILER_APPICON_NAME = AppIcon;
				ASSETCATALOG_COMPILER_GLOBAL_ACCENT_COLOR_NAME = AccentColor;
				CODE_SIGN_STYLE = Automatic;
				CURRENT_PROJECT_VERSION = 1;
				DEVELOPMENT_TEAM = 6XVTBTTTFN;
				GENERATE_INFOPLIST_FILE = YES;
				INFOPLIST_FILE = Calculator/Info.plist;
				INFOPLIST_KEY_UIApplicationSupportsIndirectInputEvents = YES;
				INFOPLIST_KEY_UILaunchStoryboardName = LaunchScreen;
				INFOPLIST_KEY_UIMainStoryboardFile = Main;
				INFOPLIST_KEY_UISupportedInterfaceOrientations_iPad = "UIInterfaceOrientationPortrait UIInterfaceOrientationPortraitUpsideDown UIInterfaceOrientationLandscapeLeft UIInterfaceOrientationLandscapeRight";
				INFOPLIST_KEY_UISupportedInterfaceOrientations_iPhone = "UIInterfaceOrientationPortrait UIInterfaceOrientationLandscapeLeft UIInterfaceOrientationLandscapeRight";
				LD_RUNPATH_SEARCH_PATHS = (
					"$(inherited)",
					"@executable_path/Frameworks",
				);
				MARKETING_VERSION = 1.0;
				PRODUCT_BUNDLE_IDENTIFIER = uno.Calculator;
				PRODUCT_NAME = "$(TARGET_NAME)";
				SWIFT_EMIT_LOC_STRINGS = YES;
				SWIFT_VERSION = 5.0;
				TARGETED_DEVICE_FAMILY = "1,2";
			};
			name = Release;
		};
		3820FF4C2AC1DB5100FA7A2F /* Debug */ = {
			isa = XCBuildConfiguration;
			buildSettings = {
				ALWAYS_EMBED_SWIFT_STANDARD_LIBRARIES = YES;
				BUNDLE_LOADER = "$(TEST_HOST)";
				CODE_SIGN_STYLE = Automatic;
				CURRENT_PROJECT_VERSION = 1;
				DEVELOPMENT_TEAM = 6XVTBTTTFN;
				GENERATE_INFOPLIST_FILE = YES;
				IPHONEOS_DEPLOYMENT_TARGET = 16.4;
				MARKETING_VERSION = 1.0;
				PRODUCT_BUNDLE_IDENTIFIER = uno.CalculatorTests;
				PRODUCT_NAME = "$(TARGET_NAME)";
				SWIFT_EMIT_LOC_STRINGS = NO;
				SWIFT_VERSION = 5.0;
				TARGETED_DEVICE_FAMILY = "1,2";
				TEST_HOST = "$(BUILT_PRODUCTS_DIR)/Calculator.app/$(BUNDLE_EXECUTABLE_FOLDER_PATH)/Calculator";
			};
			name = Debug;
		};
		3820FF4D2AC1DB5100FA7A2F /* Release */ = {
			isa = XCBuildConfiguration;
			buildSettings = {
				ALWAYS_EMBED_SWIFT_STANDARD_LIBRARIES = YES;
				BUNDLE_LOADER = "$(TEST_HOST)";
				CODE_SIGN_STYLE = Automatic;
				CURRENT_PROJECT_VERSION = 1;
				DEVELOPMENT_TEAM = 6XVTBTTTFN;
				GENERATE_INFOPLIST_FILE = YES;
				IPHONEOS_DEPLOYMENT_TARGET = 16.4;
				MARKETING_VERSION = 1.0;
				PRODUCT_BUNDLE_IDENTIFIER = uno.CalculatorTests;
				PRODUCT_NAME = "$(TARGET_NAME)";
				SWIFT_EMIT_LOC_STRINGS = NO;
				SWIFT_VERSION = 5.0;
				TARGETED_DEVICE_FAMILY = "1,2";
				TEST_HOST = "$(BUILT_PRODUCTS_DIR)/Calculator.app/$(BUNDLE_EXECUTABLE_FOLDER_PATH)/Calculator";
			};
			name = Release;
		};
		3820FF4F2AC1DB5100FA7A2F /* Debug */ = {
			isa = XCBuildConfiguration;
			buildSettings = {
				ALWAYS_EMBED_SWIFT_STANDARD_LIBRARIES = YES;
				CODE_SIGN_STYLE = Automatic;
				CURRENT_PROJECT_VERSION = 1;
				DEVELOPMENT_TEAM = 6XVTBTTTFN;
				GENERATE_INFOPLIST_FILE = YES;
				MARKETING_VERSION = 1.0;
				PRODUCT_BUNDLE_IDENTIFIER = uno.CalculatorUITests;
				PRODUCT_NAME = "$(TARGET_NAME)";
				SWIFT_EMIT_LOC_STRINGS = NO;
				SWIFT_VERSION = 5.0;
				TARGETED_DEVICE_FAMILY = "1,2";
				TEST_TARGET_NAME = Calculator;
			};
			name = Debug;
		};
		3820FF502AC1DB5100FA7A2F /* Release */ = {
			isa = XCBuildConfiguration;
			buildSettings = {
				ALWAYS_EMBED_SWIFT_STANDARD_LIBRARIES = YES;
				CODE_SIGN_STYLE = Automatic;
				CURRENT_PROJECT_VERSION = 1;
				DEVELOPMENT_TEAM = 6XVTBTTTFN;
				GENERATE_INFOPLIST_FILE = YES;
				MARKETING_VERSION = 1.0;
				PRODUCT_BUNDLE_IDENTIFIER = uno.CalculatorUITests;
				PRODUCT_NAME = "$(TARGET_NAME)";
				SWIFT_EMIT_LOC_STRINGS = NO;
				SWIFT_VERSION = 5.0;
				TARGETED_DEVICE_FAMILY = "1,2";
				TEST_TARGET_NAME = Calculator;
			};
			name = Release;
		};
/* End XCBuildConfiguration section */

/* Begin XCConfigurationList section */
		3820FF192AC1DB5000FA7A2F /* Build configuration list for PBXProject "Calculator" */ = {
			isa = XCConfigurationList;
			buildConfigurations = (
				3820FF462AC1DB5100FA7A2F /* Debug */,
				3820FF472AC1DB5100FA7A2F /* Release */,
			);
			defaultConfigurationIsVisible = 0;
			defaultConfigurationName = Release;
		};
		3820FF482AC1DB5100FA7A2F /* Build configuration list for PBXNativeTarget "Calculator" */ = {
			isa = XCConfigurationList;
			buildConfigurations = (
				3820FF492AC1DB5100FA7A2F /* Debug */,
				3820FF4A2AC1DB5100FA7A2F /* Release */,
			);
			defaultConfigurationIsVisible = 0;
			defaultConfigurationName = Release;
		};
		3820FF4B2AC1DB5100FA7A2F /* Build configuration list for PBXNativeTarget "CalculatorTests" */ = {
			isa = XCConfigurationList;
			buildConfigurations = (
				3820FF4C2AC1DB5100FA7A2F /* Debug */,
				3820FF4D2AC1DB5100FA7A2F /* Release */,
			);
			defaultConfigurationIsVisible = 0;
			defaultConfigurationName = Release;
		};
		3820FF4E2AC1DB5100FA7A2F /* Build configuration list for PBXNativeTarget "CalculatorUITests" */ = {
			isa = XCConfigurationList;
			buildConfigurations = (
				3820FF4F2AC1DB5100FA7A2F /* Debug */,
				3820FF502AC1DB5100FA7A2F /* Release */,
			);
			defaultConfigurationIsVisible = 0;
			defaultConfigurationName = Release;
		};
/* End XCConfigurationList section */
	};
	rootObject = 3820FF162AC1DB5000FA7A2F /* Project object */;
}
