// !$*UTF8*$!
{
	archiveVersion = 1;
	classes = {
	};
	objectVersion = 56;
	objects = {

/* Begin PBXBuildFile section */
		344C29362ABC0E02002E0E6C /* AppDelegate.swift in Sources */ = {isa = PBXBuildFile; fileRef = 344C29352ABC0E02002E0E6C /* AppDelegate.swift */; };
		344C29382ABC0E02002E0E6C /* SceneDelegate.swift in Sources */ = {isa = PBXBuildFile; fileRef = 344C29372ABC0E02002E0E6C /* SceneDelegate.swift */; };
		344C293A2ABC0E02002E0E6C /* ViewController.swift in Sources */ = {isa = PBXBuildFile; fileRef = 344C29392ABC0E02002E0E6C /* ViewController.swift */; };
		344C293D2ABC0E02002E0E6C /* Main.storyboard in Resources */ = {isa = PBXBuildFile; fileRef = 344C293B2ABC0E02002E0E6C /* Main.storyboard */; };
		344C293F2ABC0E03002E0E6C /* Assets.xcassets in Resources */ = {isa = PBXBuildFile; fileRef = 344C293E2ABC0E03002E0E6C /* Assets.xcassets */; };
		344C29422ABC0E03002E0E6C /* LaunchScreen.storyboard in Resources */ = {isa = PBXBuildFile; fileRef = 344C29402ABC0E03002E0E6C /* LaunchScreen.storyboard */; };
		344C294D2ABC0E03002E0E6C /* catstagramTests.swift in Sources */ = {isa = PBXBuildFile; fileRef = 344C294C2ABC0E03002E0E6C /* catstagramTests.swift */; };
		344C29572ABC0E03002E0E6C /* catstagramUITests.swift in Sources */ = {isa = PBXBuildFile; fileRef = 344C29562ABC0E03002E0E6C /* catstagramUITests.swift */; };
		344C29592ABC0E03002E0E6C /* catstagramUITestsLaunchTests.swift in Sources */ = {isa = PBXBuildFile; fileRef = 344C29582ABC0E03002E0E6C /* catstagramUITestsLaunchTests.swift */; };
/* End PBXBuildFile section */

/* Begin PBXContainerItemProxy section */
		344C29492ABC0E03002E0E6C /* PBXContainerItemProxy */ = {
			isa = PBXContainerItemProxy;
			containerPortal = 344C292A2ABC0E02002E0E6C /* Project object */;
			proxyType = 1;
			remoteGlobalIDString = 344C29312ABC0E02002E0E6C;
			remoteInfo = catstagram;
		};
		344C29532ABC0E03002E0E6C /* PBXContainerItemProxy */ = {
			isa = PBXContainerItemProxy;
			containerPortal = 344C292A2ABC0E02002E0E6C /* Project object */;
			proxyType = 1;
			remoteGlobalIDString = 344C29312ABC0E02002E0E6C;
			remoteInfo = catstagram;
		};
/* End PBXContainerItemProxy section */

/* Begin PBXFileReference section */
		344C29322ABC0E02002E0E6C /* catstagram.app */ = {isa = PBXFileReference; explicitFileType = wrapper.application; includeInIndex = 0; path = catstagram.app; sourceTree = BUILT_PRODUCTS_DIR; };
		344C29352ABC0E02002E0E6C /* AppDelegate.swift */ = {isa = PBXFileReference; lastKnownFileType = sourcecode.swift; path = AppDelegate.swift; sourceTree = "<group>"; };
		344C29372ABC0E02002E0E6C /* SceneDelegate.swift */ = {isa = PBXFileReference; lastKnownFileType = sourcecode.swift; path = SceneDelegate.swift; sourceTree = "<group>"; };
		344C29392ABC0E02002E0E6C /* ViewController.swift */ = {isa = PBXFileReference; lastKnownFileType = sourcecode.swift; path = ViewController.swift; sourceTree = "<group>"; };
		344C293C2ABC0E02002E0E6C /* Base */ = {isa = PBXFileReference; lastKnownFileType = file.storyboard; name = Base; path = Base.lproj/Main.storyboard; sourceTree = "<group>"; };
		344C293E2ABC0E03002E0E6C /* Assets.xcassets */ = {isa = PBXFileReference; lastKnownFileType = folder.assetcatalog; path = Assets.xcassets; sourceTree = "<group>"; };
		344C29412ABC0E03002E0E6C /* Base */ = {isa = PBXFileReference; lastKnownFileType = file.storyboard; name = Base; path = Base.lproj/LaunchScreen.storyboard; sourceTree = "<group>"; };
		344C29432ABC0E03002E0E6C /* Info.plist */ = {isa = PBXFileReference; lastKnownFileType = text.plist.xml; path = Info.plist; sourceTree = "<group>"; };
		344C29482ABC0E03002E0E6C /* catstagramTests.xctest */ = {isa = PBXFileReference; explicitFileType = wrapper.cfbundle; includeInIndex = 0; path = catstagramTests.xctest; sourceTree = BUILT_PRODUCTS_DIR; };
		344C294C2ABC0E03002E0E6C /* catstagramTests.swift */ = {isa = PBXFileReference; lastKnownFileType = sourcecode.swift; path = catstagramTests.swift; sourceTree = "<group>"; };
		344C29522ABC0E03002E0E6C /* catstagramUITests.xctest */ = {isa = PBXFileReference; explicitFileType = wrapper.cfbundle; includeInIndex = 0; path = catstagramUITests.xctest; sourceTree = BUILT_PRODUCTS_DIR; };
		344C29562ABC0E03002E0E6C /* catstagramUITests.swift */ = {isa = PBXFileReference; lastKnownFileType = sourcecode.swift; path = catstagramUITests.swift; sourceTree = "<group>"; };
		344C29582ABC0E03002E0E6C /* catstagramUITestsLaunchTests.swift */ = {isa = PBXFileReference; lastKnownFileType = sourcecode.swift; path = catstagramUITestsLaunchTests.swift; sourceTree = "<group>"; };
/* End PBXFileReference section */

/* Begin PBXFrameworksBuildPhase section */
		344C292F2ABC0E02002E0E6C /* Frameworks */ = {
			isa = PBXFrameworksBuildPhase;
			buildActionMask = 2147483647;
			files = (
			);
			runOnlyForDeploymentPostprocessing = 0;
		};
		344C29452ABC0E03002E0E6C /* Frameworks */ = {
			isa = PBXFrameworksBuildPhase;
			buildActionMask = 2147483647;
			files = (
			);
			runOnlyForDeploymentPostprocessing = 0;
		};
		344C294F2ABC0E03002E0E6C /* Frameworks */ = {
			isa = PBXFrameworksBuildPhase;
			buildActionMask = 2147483647;
			files = (
			);
			runOnlyForDeploymentPostprocessing = 0;
		};
/* End PBXFrameworksBuildPhase section */

/* Begin PBXGroup section */
		344C29292ABC0E02002E0E6C = {
			isa = PBXGroup;
			children = (
				344C29342ABC0E02002E0E6C /* catstagram */,
				344C294B2ABC0E03002E0E6C /* catstagramTests */,
				344C29552ABC0E03002E0E6C /* catstagramUITests */,
				344C29332ABC0E02002E0E6C /* Products */,
			);
			sourceTree = "<group>";
		};
		344C29332ABC0E02002E0E6C /* Products */ = {
			isa = PBXGroup;
			children = (
				344C29322ABC0E02002E0E6C /* catstagram.app */,
				344C29482ABC0E03002E0E6C /* catstagramTests.xctest */,
				344C29522ABC0E03002E0E6C /* catstagramUITests.xctest */,
			);
			name = Products;
			sourceTree = "<group>";
		};
		344C29342ABC0E02002E0E6C /* catstagram */ = {
			isa = PBXGroup;
			children = (
				344C29352ABC0E02002E0E6C /* AppDelegate.swift */,
				344C29372ABC0E02002E0E6C /* SceneDelegate.swift */,
				344C29392ABC0E02002E0E6C /* ViewController.swift */,
				344C293B2ABC0E02002E0E6C /* Main.storyboard */,
				344C293E2ABC0E03002E0E6C /* Assets.xcassets */,
				344C29402ABC0E03002E0E6C /* LaunchScreen.storyboard */,
				344C29432ABC0E03002E0E6C /* Info.plist */,
			);
			path = catstagram;
			sourceTree = "<group>";
		};
		344C294B2ABC0E03002E0E6C /* catstagramTests */ = {
			isa = PBXGroup;
			children = (
				344C294C2ABC0E03002E0E6C /* catstagramTests.swift */,
			);
			path = catstagramTests;
			sourceTree = "<group>";
		};
		344C29552ABC0E03002E0E6C /* catstagramUITests */ = {
			isa = PBXGroup;
			children = (
				344C29562ABC0E03002E0E6C /* catstagramUITests.swift */,
				344C29582ABC0E03002E0E6C /* catstagramUITestsLaunchTests.swift */,
			);
			path = catstagramUITests;
			sourceTree = "<group>";
		};
/* End PBXGroup section */

/* Begin PBXNativeTarget section */
		344C29312ABC0E02002E0E6C /* catstagram */ = {
			isa = PBXNativeTarget;
			buildConfigurationList = 344C295C2ABC0E03002E0E6C /* Build configuration list for PBXNativeTarget "catstagram" */;
			buildPhases = (
				344C292E2ABC0E02002E0E6C /* Sources */,
				344C292F2ABC0E02002E0E6C /* Frameworks */,
				344C29302ABC0E02002E0E6C /* Resources */,
			);
			buildRules = (
			);
			dependencies = (
			);
			name = catstagram;
			productName = catstagram;
			productReference = 344C29322ABC0E02002E0E6C /* catstagram.app */;
			productType = "com.apple.product-type.application";
		};
		344C29472ABC0E03002E0E6C /* catstagramTests */ = {
			isa = PBXNativeTarget;
			buildConfigurationList = 344C295F2ABC0E03002E0E6C /* Build configuration list for PBXNativeTarget "catstagramTests" */;
			buildPhases = (
				344C29442ABC0E03002E0E6C /* Sources */,
				344C29452ABC0E03002E0E6C /* Frameworks */,
				344C29462ABC0E03002E0E6C /* Resources */,
			);
			buildRules = (
			);
			dependencies = (
				344C294A2ABC0E03002E0E6C /* PBXTargetDependency */,
			);
			name = catstagramTests;
			productName = catstagramTests;
			productReference = 344C29482ABC0E03002E0E6C /* catstagramTests.xctest */;
			productType = "com.apple.product-type.bundle.unit-test";
		};
		344C29512ABC0E03002E0E6C /* catstagramUITests */ = {
			isa = PBXNativeTarget;
			buildConfigurationList = 344C29622ABC0E03002E0E6C /* Build configuration list for PBXNativeTarget "catstagramUITests" */;
			buildPhases = (
				344C294E2ABC0E03002E0E6C /* Sources */,
				344C294F2ABC0E03002E0E6C /* Frameworks */,
				344C29502ABC0E03002E0E6C /* Resources */,
			);
			buildRules = (
			);
			dependencies = (
				344C29542ABC0E03002E0E6C /* PBXTargetDependency */,
			);
			name = catstagramUITests;
			productName = catstagramUITests;
			productReference = 344C29522ABC0E03002E0E6C /* catstagramUITests.xctest */;
			productType = "com.apple.product-type.bundle.ui-testing";
		};
/* End PBXNativeTarget section */

/* Begin PBXProject section */
		344C292A2ABC0E02002E0E6C /* Project object */ = {
			isa = PBXProject;
			attributes = {
				BuildIndependentTargetsInParallel = 1;
				LastSwiftUpdateCheck = 1500;
				LastUpgradeCheck = 1500;
				TargetAttributes = {
					344C29312ABC0E02002E0E6C = {
						CreatedOnToolsVersion = 15.0;
					};
					344C29472ABC0E03002E0E6C = {
						CreatedOnToolsVersion = 15.0;
						TestTargetID = 344C29312ABC0E02002E0E6C;
					};
					344C29512ABC0E03002E0E6C = {
						CreatedOnToolsVersion = 15.0;
						TestTargetID = 344C29312ABC0E02002E0E6C;
					};
				};
			};
			buildConfigurationList = 344C292D2ABC0E02002E0E6C /* Build configuration list for PBXProject "catstagram" */;
			compatibilityVersion = "Xcode 14.0";
			developmentRegion = en;
			hasScannedForEncodings = 0;
			knownRegions = (
				en,
				Base,
			);
			mainGroup = 344C29292ABC0E02002E0E6C;
			productRefGroup = 344C29332ABC0E02002E0E6C /* Products */;
			projectDirPath = "";
			projectRoot = "";
			targets = (
				344C29312ABC0E02002E0E6C /* catstagram */,
				344C29472ABC0E03002E0E6C /* catstagramTests */,
				344C29512ABC0E03002E0E6C /* catstagramUITests */,
			);
		};
/* End PBXProject section */

/* Begin PBXResourcesBuildPhase section */
		344C29302ABC0E02002E0E6C /* Resources */ = {
			isa = PBXResourcesBuildPhase;
			buildActionMask = 2147483647;
			files = (
				344C29422ABC0E03002E0E6C /* LaunchScreen.storyboard in Resources */,
				344C293F2ABC0E03002E0E6C /* Assets.xcassets in Resources */,
				344C293D2ABC0E02002E0E6C /* Main.storyboard in Resources */,
			);
			runOnlyForDeploymentPostprocessing = 0;
		};
		344C29462ABC0E03002E0E6C /* Resources */ = {
			isa = PBXResourcesBuildPhase;
			buildActionMask = 2147483647;
			files = (
			);
			runOnlyForDeploymentPostprocessing = 0;
		};
		344C29502ABC0E03002E0E6C /* Resources */ = {
			isa = PBXResourcesBuildPhase;
			buildActionMask = 2147483647;
			files = (
			);
			runOnlyForDeploymentPostprocessing = 0;
		};
/* End PBXResourcesBuildPhase section */

/* Begin PBXSourcesBuildPhase section */
		344C292E2ABC0E02002E0E6C /* Sources */ = {
			isa = PBXSourcesBuildPhase;
			buildActionMask = 2147483647;
			files = (
				344C293A2ABC0E02002E0E6C /* ViewController.swift in Sources */,
				344C29362ABC0E02002E0E6C /* AppDelegate.swift in Sources */,
				344C29382ABC0E02002E0E6C /* SceneDelegate.swift in Sources */,
			);
			runOnlyForDeploymentPostprocessing = 0;
		};
		344C29442ABC0E03002E0E6C /* Sources */ = {
			isa = PBXSourcesBuildPhase;
			buildActionMask = 2147483647;
			files = (
				344C294D2ABC0E03002E0E6C /* catstagramTests.swift in Sources */,
			);
			runOnlyForDeploymentPostprocessing = 0;
		};
		344C294E2ABC0E03002E0E6C /* Sources */ = {
			isa = PBXSourcesBuildPhase;
			buildActionMask = 2147483647;
			files = (
				344C29572ABC0E03002E0E6C /* catstagramUITests.swift in Sources */,
				344C29592ABC0E03002E0E6C /* catstagramUITestsLaunchTests.swift in Sources */,
			);
			runOnlyForDeploymentPostprocessing = 0;
		};
/* End PBXSourcesBuildPhase section */

/* Begin PBXTargetDependency section */
		344C294A2ABC0E03002E0E6C /* PBXTargetDependency */ = {
			isa = PBXTargetDependency;
			target = 344C29312ABC0E02002E0E6C /* catstagram */;
			targetProxy = 344C29492ABC0E03002E0E6C /* PBXContainerItemProxy */;
		};
		344C29542ABC0E03002E0E6C /* PBXTargetDependency */ = {
			isa = PBXTargetDependency;
			target = 344C29312ABC0E02002E0E6C /* catstagram */;
			targetProxy = 344C29532ABC0E03002E0E6C /* PBXContainerItemProxy */;
		};
/* End PBXTargetDependency section */

/* Begin PBXVariantGroup section */
		344C293B2ABC0E02002E0E6C /* Main.storyboard */ = {
			isa = PBXVariantGroup;
			children = (
				344C293C2ABC0E02002E0E6C /* Base */,
			);
			name = Main.storyboard;
			sourceTree = "<group>";
		};
		344C29402ABC0E03002E0E6C /* LaunchScreen.storyboard */ = {
			isa = PBXVariantGroup;
			children = (
				344C29412ABC0E03002E0E6C /* Base */,
			);
			name = LaunchScreen.storyboard;
			sourceTree = "<group>";
		};
/* End PBXVariantGroup section */

/* Begin XCBuildConfiguration section */
		344C295A2ABC0E03002E0E6C /* Debug */ = {
			isa = XCBuildConfiguration;
			buildSettings = {
				ALWAYS_SEARCH_USER_PATHS = NO;
				ASSETCATALOG_COMPILER_GENERATE_SWIFT_ASSET_SYMBOL_EXTENSIONS = YES;
				CLANG_ANALYZER_NONNULL = YES;
				CLANG_ANALYZER_NUMBER_OBJECT_CONVERSION = YES_AGGRESSIVE;
				CLANG_CXX_LANGUAGE_STANDARD = "gnu++20";
				CLANG_ENABLE_MODULES = YES;
				CLANG_ENABLE_OBJC_ARC = YES;
				CLANG_ENABLE_OBJC_WEAK = YES;
				CLANG_WARN_BLOCK_CAPTURE_AUTORELEASING = YES;
				CLANG_WARN_BOOL_CONVERSION = YES;
				CLANG_WARN_COMMA = YES;
				CLANG_WARN_CONSTANT_CONVERSION = YES;
				CLANG_WARN_DEPRECATED_OBJC_IMPLEMENTATIONS = YES;
				CLANG_WARN_DIRECT_OBJC_ISA_USAGE = YES_ERROR;
				CLANG_WARN_DOCUMENTATION_COMMENTS = YES;
				CLANG_WARN_EMPTY_BODY = YES;
				CLANG_WARN_ENUM_CONVERSION = YES;
				CLANG_WARN_INFINITE_RECURSION = YES;
				CLANG_WARN_INT_CONVERSION = YES;
				CLANG_WARN_NON_LITERAL_NULL_CONVERSION = YES;
				CLANG_WARN_OBJC_IMPLICIT_RETAIN_SELF = YES;
				CLANG_WARN_OBJC_LITERAL_CONVERSION = YES;
				CLANG_WARN_OBJC_ROOT_CLASS = YES_ERROR;
				CLANG_WARN_QUOTED_INCLUDE_IN_FRAMEWORK_HEADER = YES;
				CLANG_WARN_RANGE_LOOP_ANALYSIS = YES;
				CLANG_WARN_STRICT_PROTOTYPES = YES;
				CLANG_WARN_SUSPICIOUS_MOVE = YES;
				CLANG_WARN_UNGUARDED_AVAILABILITY = YES_AGGRESSIVE;
				CLANG_WARN_UNREACHABLE_CODE = YES;
				CLANG_WARN__DUPLICATE_METHOD_MATCH = YES;
				COPY_PHASE_STRIP = NO;
				DEBUG_INFORMATION_FORMAT = dwarf;
				ENABLE_STRICT_OBJC_MSGSEND = YES;
				ENABLE_TESTABILITY = YES;
				ENABLE_USER_SCRIPT_SANDBOXING = YES;
				GCC_C_LANGUAGE_STANDARD = gnu17;
				GCC_DYNAMIC_NO_PIC = NO;
				GCC_NO_COMMON_BLOCKS = YES;
				GCC_OPTIMIZATION_LEVEL = 0;
				GCC_PREPROCESSOR_DEFINITIONS = (
					"DEBUG=1",
					"$(inherited)",
				);
				GCC_WARN_64_TO_32_BIT_CONVERSION = YES;
				GCC_WARN_ABOUT_RETURN_TYPE = YES_ERROR;
				GCC_WARN_UNDECLARED_SELECTOR = YES;
				GCC_WARN_UNINITIALIZED_AUTOS = YES_AGGRESSIVE;
				GCC_WARN_UNUSED_FUNCTION = YES;
				GCC_WARN_UNUSED_VARIABLE = YES;
				IPHONEOS_DEPLOYMENT_TARGET = 17.0;
				LOCALIZATION_PREFERS_STRING_CATALOGS = YES;
				MTL_ENABLE_DEBUG_INFO = INCLUDE_SOURCE;
				MTL_FAST_MATH = YES;
				ONLY_ACTIVE_ARCH = YES;
				SDKROOT = iphoneos;
				SWIFT_ACTIVE_COMPILATION_CONDITIONS = "DEBUG $(inherited)";
				SWIFT_OPTIMIZATION_LEVEL = "-Onone";
			};
			name = Debug;
		};
		344C295B2ABC0E03002E0E6C /* Release */ = {
			isa = XCBuildConfiguration;
			buildSettings = {
				ALWAYS_SEARCH_USER_PATHS = NO;
				ASSETCATALOG_COMPILER_GENERATE_SWIFT_ASSET_SYMBOL_EXTENSIONS = YES;
				CLANG_ANALYZER_NONNULL = YES;
				CLANG_ANALYZER_NUMBER_OBJECT_CONVERSION = YES_AGGRESSIVE;
				CLANG_CXX_LANGUAGE_STANDARD = "gnu++20";
				CLANG_ENABLE_MODULES = YES;
				CLANG_ENABLE_OBJC_ARC = YES;
				CLANG_ENABLE_OBJC_WEAK = YES;
				CLANG_WARN_BLOCK_CAPTURE_AUTORELEASING = YES;
				CLANG_WARN_BOOL_CONVERSION = YES;
				CLANG_WARN_COMMA = YES;
				CLANG_WARN_CONSTANT_CONVERSION = YES;
				CLANG_WARN_DEPRECATED_OBJC_IMPLEMENTATIONS = YES;
				CLANG_WARN_DIRECT_OBJC_ISA_USAGE = YES_ERROR;
				CLANG_WARN_DOCUMENTATION_COMMENTS = YES;
				CLANG_WARN_EMPTY_BODY = YES;
				CLANG_WARN_ENUM_CONVERSION = YES;
				CLANG_WARN_INFINITE_RECURSION = YES;
				CLANG_WARN_INT_CONVERSION = YES;
				CLANG_WARN_NON_LITERAL_NULL_CONVERSION = YES;
				CLANG_WARN_OBJC_IMPLICIT_RETAIN_SELF = YES;
				CLANG_WARN_OBJC_LITERAL_CONVERSION = YES;
				CLANG_WARN_OBJC_ROOT_CLASS = YES_ERROR;
				CLANG_WARN_QUOTED_INCLUDE_IN_FRAMEWORK_HEADER = YES;
				CLANG_WARN_RANGE_LOOP_ANALYSIS = YES;
				CLANG_WARN_STRICT_PROTOTYPES = YES;
				CLANG_WARN_SUSPICIOUS_MOVE = YES;
				CLANG_WARN_UNGUARDED_AVAILABILITY = YES_AGGRESSIVE;
				CLANG_WARN_UNREACHABLE_CODE = YES;
				CLANG_WARN__DUPLICATE_METHOD_MATCH = YES;
				COPY_PHASE_STRIP = NO;
				DEBUG_INFORMATION_FORMAT = "dwarf-with-dsym";
				ENABLE_NS_ASSERTIONS = NO;
				ENABLE_STRICT_OBJC_MSGSEND = YES;
				ENABLE_USER_SCRIPT_SANDBOXING = YES;
				GCC_C_LANGUAGE_STANDARD = gnu17;
				GCC_NO_COMMON_BLOCKS = YES;
				GCC_WARN_64_TO_32_BIT_CONVERSION = YES;
				GCC_WARN_ABOUT_RETURN_TYPE = YES_ERROR;
				GCC_WARN_UNDECLARED_SELECTOR = YES;
				GCC_WARN_UNINITIALIZED_AUTOS = YES_AGGRESSIVE;
				GCC_WARN_UNUSED_FUNCTION = YES;
				GCC_WARN_UNUSED_VARIABLE = YES;
				IPHONEOS_DEPLOYMENT_TARGET = 17.0;
				LOCALIZATION_PREFERS_STRING_CATALOGS = YES;
				MTL_ENABLE_DEBUG_INFO = NO;
				MTL_FAST_MATH = YES;
				SDKROOT = iphoneos;
				SWIFT_COMPILATION_MODE = wholemodule;
				VALIDATE_PRODUCT = YES;
			};
			name = Release;
		};
		344C295D2ABC0E03002E0E6C /* Debug */ = {
			isa = XCBuildConfiguration;
			buildSettings = {
				ASSETCATALOG_COMPILER_APPICON_NAME = AppIcon;
				ASSETCATALOG_COMPILER_GLOBAL_ACCENT_COLOR_NAME = AccentColor;
				CODE_SIGN_STYLE = Automatic;
				CURRENT_PROJECT_VERSION = 1;
				GENERATE_INFOPLIST_FILE = YES;
				INFOPLIST_FILE = catstagram/Info.plist;
				INFOPLIST_KEY_UIApplicationSupportsIndirectInputEvents = YES;
				INFOPLIST_KEY_UILaunchStoryboardName = LaunchScreen;
				INFOPLIST_KEY_UIMainStoryboardFile = Main;
				INFOPLIST_KEY_UISupportedInterfaceOrientations_iPad = "UIInterfaceOrientationPortrait UIInterfaceOrientationPortraitUpsideDown UIInterfaceOrientationLandscapeLeft UIInterfaceOrientationLandscapeRight";
				INFOPLIST_KEY_UISupportedInterfaceOrientations_iPhone = "UIInterfaceOrientationPortrait UIInterfaceOrientationLandscapeLeft UIInterfaceOrientationLandscapeRight";
				LD_RUNPATH_SEARCH_PATHS = (
					"$(inherited)",
					"@executable_path/Frameworks",
				);
				MARKETING_VERSION = 1.0;
				PRODUCT_BUNDLE_IDENTIFIER = uno.catstagram;
				PRODUCT_NAME = "$(TARGET_NAME)";
				SWIFT_EMIT_LOC_STRINGS = YES;
				SWIFT_VERSION = 5.0;
				TARGETED_DEVICE_FAMILY = "1,2";
			};
			name = Debug;
		};
		344C295E2ABC0E03002E0E6C /* Release */ = {
			isa = XCBuildConfiguration;
			buildSettings = {
				ASSETCATALOG_COMPILER_APPICON_NAME = AppIcon;
				ASSETCATALOG_COMPILER_GLOBAL_ACCENT_COLOR_NAME = AccentColor;
				CODE_SIGN_STYLE = Automatic;
				CURRENT_PROJECT_VERSION = 1;
				GENERATE_INFOPLIST_FILE = YES;
				INFOPLIST_FILE = catstagram/Info.plist;
				INFOPLIST_KEY_UIApplicationSupportsIndirectInputEvents = YES;
				INFOPLIST_KEY_UILaunchStoryboardName = LaunchScreen;
				INFOPLIST_KEY_UIMainStoryboardFile = Main;
				INFOPLIST_KEY_UISupportedInterfaceOrientations_iPad = "UIInterfaceOrientationPortrait UIInterfaceOrientationPortraitUpsideDown UIInterfaceOrientationLandscapeLeft UIInterfaceOrientationLandscapeRight";
				INFOPLIST_KEY_UISupportedInterfaceOrientations_iPhone = "UIInterfaceOrientationPortrait UIInterfaceOrientationLandscapeLeft UIInterfaceOrientationLandscapeRight";
				LD_RUNPATH_SEARCH_PATHS = (
					"$(inherited)",
					"@executable_path/Frameworks",
				);
				MARKETING_VERSION = 1.0;
				PRODUCT_BUNDLE_IDENTIFIER = uno.catstagram;
				PRODUCT_NAME = "$(TARGET_NAME)";
				SWIFT_EMIT_LOC_STRINGS = YES;
				SWIFT_VERSION = 5.0;
				TARGETED_DEVICE_FAMILY = "1,2";
			};
			name = Release;
		};
		344C29602ABC0E03002E0E6C /* Debug */ = {
			isa = XCBuildConfiguration;
			buildSettings = {
				ALWAYS_EMBED_SWIFT_STANDARD_LIBRARIES = YES;
				BUNDLE_LOADER = "$(TEST_HOST)";
				CODE_SIGN_STYLE = Automatic;
				CURRENT_PROJECT_VERSION = 1;
				GENERATE_INFOPLIST_FILE = YES;
				IPHONEOS_DEPLOYMENT_TARGET = 17.0;
				MARKETING_VERSION = 1.0;
				PRODUCT_BUNDLE_IDENTIFIER = uno.catstagramTests;
				PRODUCT_NAME = "$(TARGET_NAME)";
				SWIFT_EMIT_LOC_STRINGS = NO;
				SWIFT_VERSION = 5.0;
				TARGETED_DEVICE_FAMILY = "1,2";
				TEST_HOST = "$(BUILT_PRODUCTS_DIR)/catstagram.app/$(BUNDLE_EXECUTABLE_FOLDER_PATH)/catstagram";
			};
			name = Debug;
		};
		344C29612ABC0E03002E0E6C /* Release */ = {
			isa = XCBuildConfiguration;
			buildSettings = {
				ALWAYS_EMBED_SWIFT_STANDARD_LIBRARIES = YES;
				BUNDLE_LOADER = "$(TEST_HOST)";
				CODE_SIGN_STYLE = Automatic;
				CURRENT_PROJECT_VERSION = 1;
				GENERATE_INFOPLIST_FILE = YES;
				IPHONEOS_DEPLOYMENT_TARGET = 17.0;
				MARKETING_VERSION = 1.0;
				PRODUCT_BUNDLE_IDENTIFIER = uno.catstagramTests;
				PRODUCT_NAME = "$(TARGET_NAME)";
				SWIFT_EMIT_LOC_STRINGS = NO;
				SWIFT_VERSION = 5.0;
				TARGETED_DEVICE_FAMILY = "1,2";
				TEST_HOST = "$(BUILT_PRODUCTS_DIR)/catstagram.app/$(BUNDLE_EXECUTABLE_FOLDER_PATH)/catstagram";
			};
			name = Release;
		};
		344C29632ABC0E03002E0E6C /* Debug */ = {
			isa = XCBuildConfiguration;
			buildSettings = {
				ALWAYS_EMBED_SWIFT_STANDARD_LIBRARIES = YES;
				CODE_SIGN_STYLE = Automatic;
				CURRENT_PROJECT_VERSION = 1;
				GENERATE_INFOPLIST_FILE = YES;
				MARKETING_VERSION = 1.0;
				PRODUCT_BUNDLE_IDENTIFIER = uno.catstagramUITests;
				PRODUCT_NAME = "$(TARGET_NAME)";
				SWIFT_EMIT_LOC_STRINGS = NO;
				SWIFT_VERSION = 5.0;
				TARGETED_DEVICE_FAMILY = "1,2";
				TEST_TARGET_NAME = catstagram;
			};
			name = Debug;
		};
		344C29642ABC0E03002E0E6C /* Release */ = {
			isa = XCBuildConfiguration;
			buildSettings = {
				ALWAYS_EMBED_SWIFT_STANDARD_LIBRARIES = YES;
				CODE_SIGN_STYLE = Automatic;
				CURRENT_PROJECT_VERSION = 1;
				GENERATE_INFOPLIST_FILE = YES;
				MARKETING_VERSION = 1.0;
				PRODUCT_BUNDLE_IDENTIFIER = uno.catstagramUITests;
				PRODUCT_NAME = "$(TARGET_NAME)";
				SWIFT_EMIT_LOC_STRINGS = NO;
				SWIFT_VERSION = 5.0;
				TARGETED_DEVICE_FAMILY = "1,2";
				TEST_TARGET_NAME = catstagram;
			};
			name = Release;
		};
/* End XCBuildConfiguration section */

/* Begin XCConfigurationList section */
		344C292D2ABC0E02002E0E6C /* Build configuration list for PBXProject "catstagram" */ = {
			isa = XCConfigurationList;
			buildConfigurations = (
				344C295A2ABC0E03002E0E6C /* Debug */,
				344C295B2ABC0E03002E0E6C /* Release */,
			);
			defaultConfigurationIsVisible = 0;
			defaultConfigurationName = Release;
		};
		344C295C2ABC0E03002E0E6C /* Build configuration list for PBXNativeTarget "catstagram" */ = {
			isa = XCConfigurationList;
			buildConfigurations = (
				344C295D2ABC0E03002E0E6C /* Debug */,
				344C295E2ABC0E03002E0E6C /* Release */,
			);
			defaultConfigurationIsVisible = 0;
			defaultConfigurationName = Release;
		};
		344C295F2ABC0E03002E0E6C /* Build configuration list for PBXNativeTarget "catstagramTests" */ = {
			isa = XCConfigurationList;
			buildConfigurations = (
				344C29602ABC0E03002E0E6C /* Debug */,
				344C29612ABC0E03002E0E6C /* Release */,
			);
			defaultConfigurationIsVisible = 0;
			defaultConfigurationName = Release;
		};
		344C29622ABC0E03002E0E6C /* Build configuration list for PBXNativeTarget "catstagramUITests" */ = {
			isa = XCConfigurationList;
			buildConfigurations = (
				344C29632ABC0E03002E0E6C /* Debug */,
				344C29642ABC0E03002E0E6C /* Release */,
			);
			defaultConfigurationIsVisible = 0;
			defaultConfigurationName = Release;
		};
/* End XCConfigurationList section */
	};
	rootObject = 344C292A2ABC0E02002E0E6C /* Project object */;
}
