// !$*UTF8*$!
{
	archiveVersion = 1;
	classes = {
	};
	objectVersion = 56;
	objects = {

/* Begin PBXBuildFile section */
		3893C7782AC8775B00A5C851 /* AppDelegate.swift in Sources */ = {isa = PBXBuildFile; fileRef = 3893C7772AC8775B00A5C851 /* AppDelegate.swift */; };
		3893C77A2AC8775B00A5C851 /* SceneDelegate.swift in Sources */ = {isa = PBXBuildFile; fileRef = 3893C7792AC8775B00A5C851 /* SceneDelegate.swift */; };
		3893C77C2AC8775B00A5C851 /* ViewController.swift in Sources */ = {isa = PBXBuildFile; fileRef = 3893C77B2AC8775B00A5C851 /* ViewController.swift */; };
		3893C77F2AC8775B00A5C851 /* Main.storyboard in Resources */ = {isa = PBXBuildFile; fileRef = 3893C77D2AC8775B00A5C851 /* Main.storyboard */; };
		3893C7812AC8775C00A5C851 /* Assets.xcassets in Resources */ = {isa = PBXBuildFile; fileRef = 3893C7802AC8775C00A5C851 /* Assets.xcassets */; };
		3893C7842AC8775C00A5C851 /* LaunchScreen.storyboard in Resources */ = {isa = PBXBuildFile; fileRef = 3893C7822AC8775C00A5C851 /* LaunchScreen.storyboard */; };
		3893C78F2AC8775C00A5C851 /* protocolTests.swift in Sources */ = {isa = PBXBuildFile; fileRef = 3893C78E2AC8775C00A5C851 /* protocolTests.swift */; };
		3893C7992AC8775C00A5C851 /* protocolUITests.swift in Sources */ = {isa = PBXBuildFile; fileRef = 3893C7982AC8775C00A5C851 /* protocolUITests.swift */; };
		3893C79B2AC8775C00A5C851 /* protocolUITestsLaunchTests.swift in Sources */ = {isa = PBXBuildFile; fileRef = 3893C79A2AC8775C00A5C851 /* protocolUITestsLaunchTests.swift */; };
		3893C7A82AC8781E00A5C851 /* SecondViewController.swift in Sources */ = {isa = PBXBuildFile; fileRef = 3893C7A72AC8781E00A5C851 /* SecondViewController.swift */; };
/* End PBXBuildFile section */

/* Begin PBXContainerItemProxy section */
		3893C78B2AC8775C00A5C851 /* PBXContainerItemProxy */ = {
			isa = PBXContainerItemProxy;
			containerPortal = 3893C76C2AC8775B00A5C851 /* Project object */;
			proxyType = 1;
			remoteGlobalIDString = 3893C7732AC8775B00A5C851;
			remoteInfo = protocol;
		};
		3893C7952AC8775C00A5C851 /* PBXContainerItemProxy */ = {
			isa = PBXContainerItemProxy;
			containerPortal = 3893C76C2AC8775B00A5C851 /* Project object */;
			proxyType = 1;
			remoteGlobalIDString = 3893C7732AC8775B00A5C851;
			remoteInfo = protocol;
		};
/* End PBXContainerItemProxy section */

/* Begin PBXFileReference section */
		3893C7742AC8775B00A5C851 /* protocol.app */ = {isa = PBXFileReference; explicitFileType = wrapper.application; includeInIndex = 0; path = protocol.app; sourceTree = BUILT_PRODUCTS_DIR; };
		3893C7772AC8775B00A5C851 /* AppDelegate.swift */ = {isa = PBXFileReference; lastKnownFileType = sourcecode.swift; path = AppDelegate.swift; sourceTree = "<group>"; };
		3893C7792AC8775B00A5C851 /* SceneDelegate.swift */ = {isa = PBXFileReference; lastKnownFileType = sourcecode.swift; path = SceneDelegate.swift; sourceTree = "<group>"; };
		3893C77B2AC8775B00A5C851 /* ViewController.swift */ = {isa = PBXFileReference; lastKnownFileType = sourcecode.swift; path = ViewController.swift; sourceTree = "<group>"; };
		3893C77E2AC8775B00A5C851 /* Base */ = {isa = PBXFileReference; lastKnownFileType = file.storyboard; name = Base; path = Base.lproj/Main.storyboard; sourceTree = "<group>"; };
		3893C7802AC8775C00A5C851 /* Assets.xcassets */ = {isa = PBXFileReference; lastKnownFileType = folder.assetcatalog; path = Assets.xcassets; sourceTree = "<group>"; };
		3893C7832AC8775C00A5C851 /* Base */ = {isa = PBXFileReference; lastKnownFileType = file.storyboard; name = Base; path = Base.lproj/LaunchScreen.storyboard; sourceTree = "<group>"; };
		3893C7852AC8775C00A5C851 /* Info.plist */ = {isa = PBXFileReference; lastKnownFileType = text.plist.xml; path = Info.plist; sourceTree = "<group>"; };
		3893C78A2AC8775C00A5C851 /* protocolTests.xctest */ = {isa = PBXFileReference; explicitFileType = wrapper.cfbundle; includeInIndex = 0; path = protocolTests.xctest; sourceTree = BUILT_PRODUCTS_DIR; };
		3893C78E2AC8775C00A5C851 /* protocolTests.swift */ = {isa = PBXFileReference; lastKnownFileType = sourcecode.swift; path = protocolTests.swift; sourceTree = "<group>"; };
		3893C7942AC8775C00A5C851 /* protocolUITests.xctest */ = {isa = PBXFileReference; explicitFileType = wrapper.cfbundle; includeInIndex = 0; path = protocolUITests.xctest; sourceTree = BUILT_PRODUCTS_DIR; };
		3893C7982AC8775C00A5C851 /* protocolUITests.swift */ = {isa = PBXFileReference; lastKnownFileType = sourcecode.swift; path = protocolUITests.swift; sourceTree = "<group>"; };
		3893C79A2AC8775C00A5C851 /* protocolUITestsLaunchTests.swift */ = {isa = PBXFileReference; lastKnownFileType = sourcecode.swift; path = protocolUITestsLaunchTests.swift; sourceTree = "<group>"; };
		3893C7A72AC8781E00A5C851 /* SecondViewController.swift */ = {isa = PBXFileReference; lastKnownFileType = sourcecode.swift; path = SecondViewController.swift; sourceTree = "<group>"; };
/* End PBXFileReference section */

/* Begin PBXFrameworksBuildPhase section */
		3893C7712AC8775B00A5C851 /* Frameworks */ = {
			isa = PBXFrameworksBuildPhase;
			buildActionMask = 2147483647;
			files = (
			);
			runOnlyForDeploymentPostprocessing = 0;
		};
		3893C7872AC8775C00A5C851 /* Frameworks */ = {
			isa = PBXFrameworksBuildPhase;
			buildActionMask = 2147483647;
			files = (
			);
			runOnlyForDeploymentPostprocessing = 0;
		};
		3893C7912AC8775C00A5C851 /* Frameworks */ = {
			isa = PBXFrameworksBuildPhase;
			buildActionMask = 2147483647;
			files = (
			);
			runOnlyForDeploymentPostprocessing = 0;
		};
/* End PBXFrameworksBuildPhase section */

/* Begin PBXGroup section */
		3893C76B2AC8775B00A5C851 = {
			isa = PBXGroup;
			children = (
				3893C7762AC8775B00A5C851 /* protocol */,
				3893C78D2AC8775C00A5C851 /* protocolTests */,
				3893C7972AC8775C00A5C851 /* protocolUITests */,
				3893C7752AC8775B00A5C851 /* Products */,
			);
			sourceTree = "<group>";
		};
		3893C7752AC8775B00A5C851 /* Products */ = {
			isa = PBXGroup;
			children = (
				3893C7742AC8775B00A5C851 /* protocol.app */,
				3893C78A2AC8775C00A5C851 /* protocolTests.xctest */,
				3893C7942AC8775C00A5C851 /* protocolUITests.xctest */,
			);
			name = Products;
			sourceTree = "<group>";
		};
		3893C7762AC8775B00A5C851 /* protocol */ = {
			isa = PBXGroup;
			children = (
				3893C7772AC8775B00A5C851 /* AppDelegate.swift */,
				3893C7792AC8775B00A5C851 /* SceneDelegate.swift */,
				3893C77B2AC8775B00A5C851 /* ViewController.swift */,
				3893C77D2AC8775B00A5C851 /* Main.storyboard */,
				3893C7802AC8775C00A5C851 /* Assets.xcassets */,
				3893C7822AC8775C00A5C851 /* LaunchScreen.storyboard */,
				3893C7852AC8775C00A5C851 /* Info.plist */,
				3893C7A72AC8781E00A5C851 /* SecondViewController.swift */,
			);
			path = protocol;
			sourceTree = "<group>";
		};
		3893C78D2AC8775C00A5C851 /* protocolTests */ = {
			isa = PBXGroup;
			children = (
				3893C78E2AC8775C00A5C851 /* protocolTests.swift */,
			);
			path = protocolTests;
			sourceTree = "<group>";
		};
		3893C7972AC8775C00A5C851 /* protocolUITests */ = {
			isa = PBXGroup;
			children = (
				3893C7982AC8775C00A5C851 /* protocolUITests.swift */,
				3893C79A2AC8775C00A5C851 /* protocolUITestsLaunchTests.swift */,
			);
			path = protocolUITests;
			sourceTree = "<group>";
		};
/* End PBXGroup section */

/* Begin PBXNativeTarget section */
		3893C7732AC8775B00A5C851 /* protocol */ = {
			isa = PBXNativeTarget;
			buildConfigurationList = 3893C79E2AC8775C00A5C851 /* Build configuration list for PBXNativeTarget "protocol" */;
			buildPhases = (
				3893C7702AC8775B00A5C851 /* Sources */,
				3893C7712AC8775B00A5C851 /* Frameworks */,
				3893C7722AC8775B00A5C851 /* Resources */,
			);
			buildRules = (
			);
			dependencies = (
			);
			name = protocol;
			productName = protocol;
			productReference = 3893C7742AC8775B00A5C851 /* protocol.app */;
			productType = "com.apple.product-type.application";
		};
		3893C7892AC8775C00A5C851 /* protocolTests */ = {
			isa = PBXNativeTarget;
			buildConfigurationList = 3893C7A12AC8775C00A5C851 /* Build configuration list for PBXNativeTarget "protocolTests" */;
			buildPhases = (
				3893C7862AC8775C00A5C851 /* Sources */,
				3893C7872AC8775C00A5C851 /* Frameworks */,
				3893C7882AC8775C00A5C851 /* Resources */,
			);
			buildRules = (
			);
			dependencies = (
				3893C78C2AC8775C00A5C851 /* PBXTargetDependency */,
			);
			name = protocolTests;
			productName = protocolTests;
			productReference = 3893C78A2AC8775C00A5C851 /* protocolTests.xctest */;
			productType = "com.apple.product-type.bundle.unit-test";
		};
		3893C7932AC8775C00A5C851 /* protocolUITests */ = {
			isa = PBXNativeTarget;
			buildConfigurationList = 3893C7A42AC8775C00A5C851 /* Build configuration list for PBXNativeTarget "protocolUITests" */;
			buildPhases = (
				3893C7902AC8775C00A5C851 /* Sources */,
				3893C7912AC8775C00A5C851 /* Frameworks */,
				3893C7922AC8775C00A5C851 /* Resources */,
			);
			buildRules = (
			);
			dependencies = (
				3893C7962AC8775C00A5C851 /* PBXTargetDependency */,
			);
			name = protocolUITests;
			productName = protocolUITests;
			productReference = 3893C7942AC8775C00A5C851 /* protocolUITests.xctest */;
			productType = "com.apple.product-type.bundle.ui-testing";
		};
/* End PBXNativeTarget section */

/* Begin PBXProject section */
		3893C76C2AC8775B00A5C851 /* Project object */ = {
			isa = PBXProject;
			attributes = {
				BuildIndependentTargetsInParallel = 1;
				LastSwiftUpdateCheck = 1500;
				LastUpgradeCheck = 1500;
				TargetAttributes = {
					3893C7732AC8775B00A5C851 = {
						CreatedOnToolsVersion = 15.0;
					};
					3893C7892AC8775C00A5C851 = {
						CreatedOnToolsVersion = 15.0;
						TestTargetID = 3893C7732AC8775B00A5C851;
					};
					3893C7932AC8775C00A5C851 = {
						CreatedOnToolsVersion = 15.0;
						TestTargetID = 3893C7732AC8775B00A5C851;
					};
				};
			};
			buildConfigurationList = 3893C76F2AC8775B00A5C851 /* Build configuration list for PBXProject "protocol" */;
			compatibilityVersion = "Xcode 14.0";
			developmentRegion = en;
			hasScannedForEncodings = 0;
			knownRegions = (
				en,
				Base,
			);
			mainGroup = 3893C76B2AC8775B00A5C851;
			productRefGroup = 3893C7752AC8775B00A5C851 /* Products */;
			projectDirPath = "";
			projectRoot = "";
			targets = (
				3893C7732AC8775B00A5C851 /* protocol */,
				3893C7892AC8775C00A5C851 /* protocolTests */,
				3893C7932AC8775C00A5C851 /* protocolUITests */,
			);
		};
/* End PBXProject section */

/* Begin PBXResourcesBuildPhase section */
		3893C7722AC8775B00A5C851 /* Resources */ = {
			isa = PBXResourcesBuildPhase;
			buildActionMask = 2147483647;
			files = (
				3893C7842AC8775C00A5C851 /* LaunchScreen.storyboard in Resources */,
				3893C7812AC8775C00A5C851 /* Assets.xcassets in Resources */,
				3893C77F2AC8775B00A5C851 /* Main.storyboard in Resources */,
			);
			runOnlyForDeploymentPostprocessing = 0;
		};
		3893C7882AC8775C00A5C851 /* Resources */ = {
			isa = PBXResourcesBuildPhase;
			buildActionMask = 2147483647;
			files = (
			);
			runOnlyForDeploymentPostprocessing = 0;
		};
		3893C7922AC8775C00A5C851 /* Resources */ = {
			isa = PBXResourcesBuildPhase;
			buildActionMask = 2147483647;
			files = (
			);
			runOnlyForDeploymentPostprocessing = 0;
		};
/* End PBXResourcesBuildPhase section */

/* Begin PBXSourcesBuildPhase section */
		3893C7702AC8775B00A5C851 /* Sources */ = {
			isa = PBXSourcesBuildPhase;
			buildActionMask = 2147483647;
			files = (
				3893C7A82AC8781E00A5C851 /* SecondViewController.swift in Sources */,
				3893C77C2AC8775B00A5C851 /* ViewController.swift in Sources */,
				3893C7782AC8775B00A5C851 /* AppDelegate.swift in Sources */,
				3893C77A2AC8775B00A5C851 /* SceneDelegate.swift in Sources */,
			);
			runOnlyForDeploymentPostprocessing = 0;
		};
		3893C7862AC8775C00A5C851 /* Sources */ = {
			isa = PBXSourcesBuildPhase;
			buildActionMask = 2147483647;
			files = (
				3893C78F2AC8775C00A5C851 /* protocolTests.swift in Sources */,
			);
			runOnlyForDeploymentPostprocessing = 0;
		};
		3893C7902AC8775C00A5C851 /* Sources */ = {
			isa = PBXSourcesBuildPhase;
			buildActionMask = 2147483647;
			files = (
				3893C79B2AC8775C00A5C851 /* protocolUITestsLaunchTests.swift in Sources */,
				3893C7992AC8775C00A5C851 /* protocolUITests.swift in Sources */,
			);
			runOnlyForDeploymentPostprocessing = 0;
		};
/* End PBXSourcesBuildPhase section */

/* Begin PBXTargetDependency section */
		3893C78C2AC8775C00A5C851 /* PBXTargetDependency */ = {
			isa = PBXTargetDependency;
			target = 3893C7732AC8775B00A5C851 /* protocol */;
			targetProxy = 3893C78B2AC8775C00A5C851 /* PBXContainerItemProxy */;
		};
		3893C7962AC8775C00A5C851 /* PBXTargetDependency */ = {
			isa = PBXTargetDependency;
			target = 3893C7732AC8775B00A5C851 /* protocol */;
			targetProxy = 3893C7952AC8775C00A5C851 /* PBXContainerItemProxy */;
		};
/* End PBXTargetDependency section */

/* Begin PBXVariantGroup section */
		3893C77D2AC8775B00A5C851 /* Main.storyboard */ = {
			isa = PBXVariantGroup;
			children = (
				3893C77E2AC8775B00A5C851 /* Base */,
			);
			name = Main.storyboard;
			sourceTree = "<group>";
		};
		3893C7822AC8775C00A5C851 /* LaunchScreen.storyboard */ = {
			isa = PBXVariantGroup;
			children = (
				3893C7832AC8775C00A5C851 /* Base */,
			);
			name = LaunchScreen.storyboard;
			sourceTree = "<group>";
		};
/* End PBXVariantGroup section */

/* Begin XCBuildConfiguration section */
		3893C79C2AC8775C00A5C851 /* Debug */ = {
			isa = XCBuildConfiguration;
			buildSettings = {
				ALWAYS_SEARCH_USER_PATHS = NO;
				ASSETCATALOG_COMPILER_GENERATE_SWIFT_ASSET_SYMBOL_EXTENSIONS = YES;
				CLANG_ANALYZER_NONNULL = YES;
				CLANG_ANALYZER_NUMBER_OBJECT_CONVERSION = YES_AGGRESSIVE;
				CLANG_CXX_LANGUAGE_STANDARD = "gnu++20";
				CLANG_ENABLE_MODULES = YES;
				CLANG_ENABLE_OBJC_ARC = YES;
				CLANG_ENABLE_OBJC_WEAK = YES;
				CLANG_WARN_BLOCK_CAPTURE_AUTORELEASING = YES;
				CLANG_WARN_BOOL_CONVERSION = YES;
				CLANG_WARN_COMMA = YES;
				CLANG_WARN_CONSTANT_CONVERSION = YES;
				CLANG_WARN_DEPRECATED_OBJC_IMPLEMENTATIONS = YES;
				CLANG_WARN_DIRECT_OBJC_ISA_USAGE = YES_ERROR;
				CLANG_WARN_DOCUMENTATION_COMMENTS = YES;
				CLANG_WARN_EMPTY_BODY = YES;
				CLANG_WARN_ENUM_CONVERSION = YES;
				CLANG_WARN_INFINITE_RECURSION = YES;
				CLANG_WARN_INT_CONVERSION = YES;
				CLANG_WARN_NON_LITERAL_NULL_CONVERSION = YES;
				CLANG_WARN_OBJC_IMPLICIT_RETAIN_SELF = YES;
				CLANG_WARN_OBJC_LITERAL_CONVERSION = YES;
				CLANG_WARN_OBJC_ROOT_CLASS = YES_ERROR;
				CLANG_WARN_QUOTED_INCLUDE_IN_FRAMEWORK_HEADER = YES;
				CLANG_WARN_RANGE_LOOP_ANALYSIS = YES;
				CLANG_WARN_STRICT_PROTOTYPES = YES;
				CLANG_WARN_SUSPICIOUS_MOVE = YES;
				CLANG_WARN_UNGUARDED_AVAILABILITY = YES_AGGRESSIVE;
				CLANG_WARN_UNREACHABLE_CODE = YES;
				CLANG_WARN__DUPLICATE_METHOD_MATCH = YES;
				COPY_PHASE_STRIP = NO;
				DEBUG_INFORMATION_FORMAT = dwarf;
				ENABLE_STRICT_OBJC_MSGSEND = YES;
				ENABLE_TESTABILITY = YES;
				ENABLE_USER_SCRIPT_SANDBOXING = YES;
				GCC_C_LANGUAGE_STANDARD = gnu17;
				GCC_DYNAMIC_NO_PIC = NO;
				GCC_NO_COMMON_BLOCKS = YES;
				GCC_OPTIMIZATION_LEVEL = 0;
				GCC_PREPROCESSOR_DEFINITIONS = (
					"DEBUG=1",
					"$(inherited)",
				);
				GCC_WARN_64_TO_32_BIT_CONVERSION = YES;
				GCC_WARN_ABOUT_RETURN_TYPE = YES_ERROR;
				GCC_WARN_UNDECLARED_SELECTOR = YES;
				GCC_WARN_UNINITIALIZED_AUTOS = YES_AGGRESSIVE;
				GCC_WARN_UNUSED_FUNCTION = YES;
				GCC_WARN_UNUSED_VARIABLE = YES;
				IPHONEOS_DEPLOYMENT_TARGET = 17.0;
				LOCALIZATION_PREFERS_STRING_CATALOGS = YES;
				MTL_ENABLE_DEBUG_INFO = INCLUDE_SOURCE;
				MTL_FAST_MATH = YES;
				ONLY_ACTIVE_ARCH = YES;
				SDKROOT = iphoneos;
				SWIFT_ACTIVE_COMPILATION_CONDITIONS = "DEBUG $(inherited)";
				SWIFT_OPTIMIZATION_LEVEL = "-Onone";
			};
			name = Debug;
		};
		3893C79D2AC8775C00A5C851 /* Release */ = {
			isa = XCBuildConfiguration;
			buildSettings = {
				ALWAYS_SEARCH_USER_PATHS = NO;
				ASSETCATALOG_COMPILER_GENERATE_SWIFT_ASSET_SYMBOL_EXTENSIONS = YES;
				CLANG_ANALYZER_NONNULL = YES;
				CLANG_ANALYZER_NUMBER_OBJECT_CONVERSION = YES_AGGRESSIVE;
				CLANG_CXX_LANGUAGE_STANDARD = "gnu++20";
				CLANG_ENABLE_MODULES = YES;
				CLANG_ENABLE_OBJC_ARC = YES;
				CLANG_ENABLE_OBJC_WEAK = YES;
				CLANG_WARN_BLOCK_CAPTURE_AUTORELEASING = YES;
				CLANG_WARN_BOOL_CONVERSION = YES;
				CLANG_WARN_COMMA = YES;
				CLANG_WARN_CONSTANT_CONVERSION = YES;
				CLANG_WARN_DEPRECATED_OBJC_IMPLEMENTATIONS = YES;
				CLANG_WARN_DIRECT_OBJC_ISA_USAGE = YES_ERROR;
				CLANG_WARN_DOCUMENTATION_COMMENTS = YES;
				CLANG_WARN_EMPTY_BODY = YES;
				CLANG_WARN_ENUM_CONVERSION = YES;
				CLANG_WARN_INFINITE_RECURSION = YES;
				CLANG_WARN_INT_CONVERSION = YES;
				CLANG_WARN_NON_LITERAL_NULL_CONVERSION = YES;
				CLANG_WARN_OBJC_IMPLICIT_RETAIN_SELF = YES;
				CLANG_WARN_OBJC_LITERAL_CONVERSION = YES;
				CLANG_WARN_OBJC_ROOT_CLASS = YES_ERROR;
				CLANG_WARN_QUOTED_INCLUDE_IN_FRAMEWORK_HEADER = YES;
				CLANG_WARN_RANGE_LOOP_ANALYSIS = YES;
				CLANG_WARN_STRICT_PROTOTYPES = YES;
				CLANG_WARN_SUSPICIOUS_MOVE = YES;
				CLANG_WARN_UNGUARDED_AVAILABILITY = YES_AGGRESSIVE;
				CLANG_WARN_UNREACHABLE_CODE = YES;
				CLANG_WARN__DUPLICATE_METHOD_MATCH = YES;
				COPY_PHASE_STRIP = NO;
				DEBUG_INFORMATION_FORMAT = "dwarf-with-dsym";
				ENABLE_NS_ASSERTIONS = NO;
				ENABLE_STRICT_OBJC_MSGSEND = YES;
				ENABLE_USER_SCRIPT_SANDBOXING = YES;
				GCC_C_LANGUAGE_STANDARD = gnu17;
				GCC_NO_COMMON_BLOCKS = YES;
				GCC_WARN_64_TO_32_BIT_CONVERSION = YES;
				GCC_WARN_ABOUT_RETURN_TYPE = YES_ERROR;
				GCC_WARN_UNDECLARED_SELECTOR = YES;
				GCC_WARN_UNINITIALIZED_AUTOS = YES_AGGRESSIVE;
				GCC_WARN_UNUSED_FUNCTION = YES;
				GCC_WARN_UNUSED_VARIABLE = YES;
				IPHONEOS_DEPLOYMENT_TARGET = 17.0;
				LOCALIZATION_PREFERS_STRING_CATALOGS = YES;
				MTL_ENABLE_DEBUG_INFO = NO;
				MTL_FAST_MATH = YES;
				SDKROOT = iphoneos;
				SWIFT_COMPILATION_MODE = wholemodule;
				VALIDATE_PRODUCT = YES;
			};
			name = Release;
		};
		3893C79F2AC8775C00A5C851 /* Debug */ = {
			isa = XCBuildConfiguration;
			buildSettings = {
				ASSETCATALOG_COMPILER_APPICON_NAME = AppIcon;
				ASSETCATALOG_COMPILER_GLOBAL_ACCENT_COLOR_NAME = AccentColor;
				CODE_SIGN_STYLE = Automatic;
				CURRENT_PROJECT_VERSION = 1;
				DEVELOPMENT_TEAM = 6XVTBTTTFN;
				GENERATE_INFOPLIST_FILE = YES;
				INFOPLIST_FILE = protocol/Info.plist;
				INFOPLIST_KEY_UIApplicationSupportsIndirectInputEvents = YES;
				INFOPLIST_KEY_UILaunchStoryboardName = LaunchScreen;
				INFOPLIST_KEY_UIMainStoryboardFile = Main;
				INFOPLIST_KEY_UISupportedInterfaceOrientations_iPad = "UIInterfaceOrientationPortrait UIInterfaceOrientationPortraitUpsideDown UIInterfaceOrientationLandscapeLeft UIInterfaceOrientationLandscapeRight";
				INFOPLIST_KEY_UISupportedInterfaceOrientations_iPhone = "UIInterfaceOrientationPortrait UIInterfaceOrientationLandscapeLeft UIInterfaceOrientationLandscapeRight";
				LD_RUNPATH_SEARCH_PATHS = (
					"$(inherited)",
					"@executable_path/Frameworks",
				);
				MARKETING_VERSION = 1.0;
				PRODUCT_BUNDLE_IDENTIFIER = uno.protocol;
				PRODUCT_NAME = "$(TARGET_NAME)";
				SWIFT_EMIT_LOC_STRINGS = YES;
				SWIFT_VERSION = 5.0;
				TARGETED_DEVICE_FAMILY = "1,2";
			};
			name = Debug;
		};
		3893C7A02AC8775C00A5C851 /* Release */ = {
			isa = XCBuildConfiguration;
			buildSettings = {
				ASSETCATALOG_COMPILER_APPICON_NAME = AppIcon;
				ASSETCATALOG_COMPILER_GLOBAL_ACCENT_COLOR_NAME = AccentColor;
				CODE_SIGN_STYLE = Automatic;
				CURRENT_PROJECT_VERSION = 1;
				DEVELOPMENT_TEAM = 6XVTBTTTFN;
				GENERATE_INFOPLIST_FILE = YES;
				INFOPLIST_FILE = protocol/Info.plist;
				INFOPLIST_KEY_UIApplicationSupportsIndirectInputEvents = YES;
				INFOPLIST_KEY_UILaunchStoryboardName = LaunchScreen;
				INFOPLIST_KEY_UIMainStoryboardFile = Main;
				INFOPLIST_KEY_UISupportedInterfaceOrientations_iPad = "UIInterfaceOrientationPortrait UIInterfaceOrientationPortraitUpsideDown UIInterfaceOrientationLandscapeLeft UIInterfaceOrientationLandscapeRight";
				INFOPLIST_KEY_UISupportedInterfaceOrientations_iPhone = "UIInterfaceOrientationPortrait UIInterfaceOrientationLandscapeLeft UIInterfaceOrientationLandscapeRight";
				LD_RUNPATH_SEARCH_PATHS = (
					"$(inherited)",
					"@executable_path/Frameworks",
				);
				MARKETING_VERSION = 1.0;
				PRODUCT_BUNDLE_IDENTIFIER = uno.protocol;
				PRODUCT_NAME = "$(TARGET_NAME)";
				SWIFT_EMIT_LOC_STRINGS = YES;
				SWIFT_VERSION = 5.0;
				TARGETED_DEVICE_FAMILY = "1,2";
			};
			name = Release;
		};
		3893C7A22AC8775C00A5C851 /* Debug */ = {
			isa = XCBuildConfiguration;
			buildSettings = {
				ALWAYS_EMBED_SWIFT_STANDARD_LIBRARIES = YES;
				BUNDLE_LOADER = "$(TEST_HOST)";
				CODE_SIGN_STYLE = Automatic;
				CURRENT_PROJECT_VERSION = 1;
				DEVELOPMENT_TEAM = 6XVTBTTTFN;
				GENERATE_INFOPLIST_FILE = YES;
				IPHONEOS_DEPLOYMENT_TARGET = 17.0;
				MARKETING_VERSION = 1.0;
				PRODUCT_BUNDLE_IDENTIFIER = uno.protocolTests;
				PRODUCT_NAME = "$(TARGET_NAME)";
				SWIFT_EMIT_LOC_STRINGS = NO;
				SWIFT_VERSION = 5.0;
				TARGETED_DEVICE_FAMILY = "1,2";
				TEST_HOST = "$(BUILT_PRODUCTS_DIR)/protocol.app/$(BUNDLE_EXECUTABLE_FOLDER_PATH)/protocol";
			};
			name = Debug;
		};
		3893C7A32AC8775C00A5C851 /* Release */ = {
			isa = XCBuildConfiguration;
			buildSettings = {
				ALWAYS_EMBED_SWIFT_STANDARD_LIBRARIES = YES;
				BUNDLE_LOADER = "$(TEST_HOST)";
				CODE_SIGN_STYLE = Automatic;
				CURRENT_PROJECT_VERSION = 1;
				DEVELOPMENT_TEAM = 6XVTBTTTFN;
				GENERATE_INFOPLIST_FILE = YES;
				IPHONEOS_DEPLOYMENT_TARGET = 17.0;
				MARKETING_VERSION = 1.0;
				PRODUCT_BUNDLE_IDENTIFIER = uno.protocolTests;
				PRODUCT_NAME = "$(TARGET_NAME)";
				SWIFT_EMIT_LOC_STRINGS = NO;
				SWIFT_VERSION = 5.0;
				TARGETED_DEVICE_FAMILY = "1,2";
				TEST_HOST = "$(BUILT_PRODUCTS_DIR)/protocol.app/$(BUNDLE_EXECUTABLE_FOLDER_PATH)/protocol";
			};
			name = Release;
		};
		3893C7A52AC8775C00A5C851 /* Debug */ = {
			isa = XCBuildConfiguration;
			buildSettings = {
				ALWAYS_EMBED_SWIFT_STANDARD_LIBRARIES = YES;
				CODE_SIGN_STYLE = Automatic;
				CURRENT_PROJECT_VERSION = 1;
				DEVELOPMENT_TEAM = 6XVTBTTTFN;
				GENERATE_INFOPLIST_FILE = YES;
				MARKETING_VERSION = 1.0;
				PRODUCT_BUNDLE_IDENTIFIER = uno.protocolUITests;
				PRODUCT_NAME = "$(TARGET_NAME)";
				SWIFT_EMIT_LOC_STRINGS = NO;
				SWIFT_VERSION = 5.0;
				TARGETED_DEVICE_FAMILY = "1,2";
				TEST_TARGET_NAME = protocol;
			};
			name = Debug;
		};
		3893C7A62AC8775C00A5C851 /* Release */ = {
			isa = XCBuildConfiguration;
			buildSettings = {
				ALWAYS_EMBED_SWIFT_STANDARD_LIBRARIES = YES;
				CODE_SIGN_STYLE = Automatic;
				CURRENT_PROJECT_VERSION = 1;
				DEVELOPMENT_TEAM = 6XVTBTTTFN;
				GENERATE_INFOPLIST_FILE = YES;
				MARKETING_VERSION = 1.0;
				PRODUCT_BUNDLE_IDENTIFIER = uno.protocolUITests;
				PRODUCT_NAME = "$(TARGET_NAME)";
				SWIFT_EMIT_LOC_STRINGS = NO;
				SWIFT_VERSION = 5.0;
				TARGETED_DEVICE_FAMILY = "1,2";
				TEST_TARGET_NAME = protocol;
			};
			name = Release;
		};
/* End XCBuildConfiguration section */

/* Begin XCConfigurationList section */
		3893C76F2AC8775B00A5C851 /* Build configuration list for PBXProject "protocol" */ = {
			isa = XCConfigurationList;
			buildConfigurations = (
				3893C79C2AC8775C00A5C851 /* Debug */,
				3893C79D2AC8775C00A5C851 /* Release */,
			);
			defaultConfigurationIsVisible = 0;
			defaultConfigurationName = Release;
		};
		3893C79E2AC8775C00A5C851 /* Build configuration list for PBXNativeTarget "protocol" */ = {
			isa = XCConfigurationList;
			buildConfigurations = (
				3893C79F2AC8775C00A5C851 /* Debug */,
				3893C7A02AC8775C00A5C851 /* Release */,
			);
			defaultConfigurationIsVisible = 0;
			defaultConfigurationName = Release;
		};
		3893C7A12AC8775C00A5C851 /* Build configuration list for PBXNativeTarget "protocolTests" */ = {
			isa = XCConfigurationList;
			buildConfigurations = (
				3893C7A22AC8775C00A5C851 /* Debug */,
				3893C7A32AC8775C00A5C851 /* Release */,
			);
			defaultConfigurationIsVisible = 0;
			defaultConfigurationName = Release;
		};
		3893C7A42AC8775C00A5C851 /* Build configuration list for PBXNativeTarget "protocolUITests" */ = {
			isa = XCConfigurationList;
			buildConfigurations = (
				3893C7A52AC8775C00A5C851 /* Debug */,
				3893C7A62AC8775C00A5C851 /* Release */,
			);
			defaultConfigurationIsVisible = 0;
			defaultConfigurationName = Release;
		};
/* End XCConfigurationList section */
	};
	rootObject = 3893C76C2AC8775B00A5C851 /* Project object */;
}
