// !$*UTF8*$!
{
	archiveVersion = 1;
	classes = {
	};
	objectVersion = 56;
	objects = {

/* Begin PBXBuildFile section */
		3820FF5E2AC1DC7400FA7A2F /* calculator1App.swift in Sources */ = {isa = PBXBuildFile; fileRef = 3820FF5D2AC1DC7400FA7A2F /* calculator1App.swift */; };
		3820FF602AC1DC7400FA7A2F /* ContentView.swift in Sources */ = {isa = PBXBuildFile; fileRef = 3820FF5F2AC1DC7400FA7A2F /* ContentView.swift */; };
		3820FF622AC1DC7500FA7A2F /* Assets.xcassets in Resources */ = {isa = PBXBuildFile; fileRef = 3820FF612AC1DC7500FA7A2F /* Assets.xcassets */; };
		3820FF652AC1DC7500FA7A2F /* Preview Assets.xcassets in Resources */ = {isa = PBXBuildFile; fileRef = 3820FF642AC1DC7500FA7A2F /* Preview Assets.xcassets */; };
		3820FF6F2AC1DC7500FA7A2F /* calculator1Tests.swift in Sources */ = {isa = PBXBuildFile; fileRef = 3820FF6E2AC1DC7500FA7A2F /* calculator1Tests.swift */; };
		3820FF792AC1DC7500FA7A2F /* calculator1UITests.swift in Sources */ = {isa = PBXBuildFile; fileRef = 3820FF782AC1DC7500FA7A2F /* calculator1UITests.swift */; };
		3820FF7B2AC1DC7500FA7A2F /* calculator1UITestsLaunchTests.swift in Sources */ = {isa = PBXBuildFile; fileRef = 3820FF7A2AC1DC7500FA7A2F /* calculator1UITestsLaunchTests.swift */; };
/* End PBXBuildFile section */

/* Begin PBXContainerItemProxy section */
		3820FF6B2AC1DC7500FA7A2F /* PBXContainerItemProxy */ = {
			isa = PBXContainerItemProxy;
			containerPortal = 3820FF522AC1DC7400FA7A2F /* Project object */;
			proxyType = 1;
			remoteGlobalIDString = 3820FF592AC1DC7400FA7A2F;
			remoteInfo = calculator1;
		};
		3820FF752AC1DC7500FA7A2F /* PBXContainerItemProxy */ = {
			isa = PBXContainerItemProxy;
			containerPortal = 3820FF522AC1DC7400FA7A2F /* Project object */;
			proxyType = 1;
			remoteGlobalIDString = 3820FF592AC1DC7400FA7A2F;
			remoteInfo = calculator1;
		};
/* End PBXContainerItemProxy section */

/* Begin PBXFileReference section */
		3820FF5A2AC1DC7400FA7A2F /* calculator1.app */ = {isa = PBXFileReference; explicitFileType = wrapper.application; includeInIndex = 0; path = calculator1.app; sourceTree = BUILT_PRODUCTS_DIR; };
		3820FF5D2AC1DC7400FA7A2F /* calculator1App.swift */ = {isa = PBXFileReference; lastKnownFileType = sourcecode.swift; path = calculator1App.swift; sourceTree = "<group>"; };
		3820FF5F2AC1DC7400FA7A2F /* ContentView.swift */ = {isa = PBXFileReference; lastKnownFileType = sourcecode.swift; path = ContentView.swift; sourceTree = "<group>"; };
		3820FF612AC1DC7500FA7A2F /* Assets.xcassets */ = {isa = PBXFileReference; lastKnownFileType = folder.assetcatalog; path = Assets.xcassets; sourceTree = "<group>"; };
		3820FF642AC1DC7500FA7A2F /* Preview Assets.xcassets */ = {isa = PBXFileReference; lastKnownFileType = folder.assetcatalog; path = "Preview Assets.xcassets"; sourceTree = "<group>"; };
		3820FF6A2AC1DC7500FA7A2F /* calculator1Tests.xctest */ = {isa = PBXFileReference; explicitFileType = wrapper.cfbundle; includeInIndex = 0; path = calculator1Tests.xctest; sourceTree = BUILT_PRODUCTS_DIR; };
		3820FF6E2AC1DC7500FA7A2F /* calculator1Tests.swift */ = {isa = PBXFileReference; lastKnownFileType = sourcecode.swift; path = calculator1Tests.swift; sourceTree = "<group>"; };
		3820FF742AC1DC7500FA7A2F /* calculator1UITests.xctest */ = {isa = PBXFileReference; explicitFileType = wrapper.cfbundle; includeInIndex = 0; path = calculator1UITests.xctest; sourceTree = BUILT_PRODUCTS_DIR; };
		3820FF782AC1DC7500FA7A2F /* calculator1UITests.swift */ = {isa = PBXFileReference; lastKnownFileType = sourcecode.swift; path = calculator1UITests.swift; sourceTree = "<group>"; };
		3820FF7A2AC1DC7500FA7A2F /* calculator1UITestsLaunchTests.swift */ = {isa = PBXFileReference; lastKnownFileType = sourcecode.swift; path = calculator1UITestsLaunchTests.swift; sourceTree = "<group>"; };
/* End PBXFileReference section */

/* Begin PBXFrameworksBuildPhase section */
		3820FF572AC1DC7400FA7A2F /* Frameworks */ = {
			isa = PBXFrameworksBuildPhase;
			buildActionMask = 2147483647;
			files = (
			);
			runOnlyForDeploymentPostprocessing = 0;
		};
		3820FF672AC1DC7500FA7A2F /* Frameworks */ = {
			isa = PBXFrameworksBuildPhase;
			buildActionMask = 2147483647;
			files = (
			);
			runOnlyForDeploymentPostprocessing = 0;
		};
		3820FF712AC1DC7500FA7A2F /* Frameworks */ = {
			isa = PBXFrameworksBuildPhase;
			buildActionMask = 2147483647;
			files = (
			);
			runOnlyForDeploymentPostprocessing = 0;
		};
/* End PBXFrameworksBuildPhase section */

/* Begin PBXGroup section */
		3820FF512AC1DC7400FA7A2F = {
			isa = PBXGroup;
			children = (
				3820FF5C2AC1DC7400FA7A2F /* calculator1 */,
				3820FF6D2AC1DC7500FA7A2F /* calculator1Tests */,
				3820FF772AC1DC7500FA7A2F /* calculator1UITests */,
				3820FF5B2AC1DC7400FA7A2F /* Products */,
			);
			sourceTree = "<group>";
		};
		3820FF5B2AC1DC7400FA7A2F /* Products */ = {
			isa = PBXGroup;
			children = (
				3820FF5A2AC1DC7400FA7A2F /* calculator1.app */,
				3820FF6A2AC1DC7500FA7A2F /* calculator1Tests.xctest */,
				3820FF742AC1DC7500FA7A2F /* calculator1UITests.xctest */,
			);
			name = Products;
			sourceTree = "<group>";
		};
		3820FF5C2AC1DC7400FA7A2F /* calculator1 */ = {
			isa = PBXGroup;
			children = (
				3820FF5D2AC1DC7400FA7A2F /* calculator1App.swift */,
				3820FF5F2AC1DC7400FA7A2F /* ContentView.swift */,
				3820FF612AC1DC7500FA7A2F /* Assets.xcassets */,
				3820FF632AC1DC7500FA7A2F /* Preview Content */,
			);
			path = calculator1;
			sourceTree = "<group>";
		};
		3820FF632AC1DC7500FA7A2F /* Preview Content */ = {
			isa = PBXGroup;
			children = (
				3820FF642AC1DC7500FA7A2F /* Preview Assets.xcassets */,
			);
			path = "Preview Content";
			sourceTree = "<group>";
		};
		3820FF6D2AC1DC7500FA7A2F /* calculator1Tests */ = {
			isa = PBXGroup;
			children = (
				3820FF6E2AC1DC7500FA7A2F /* calculator1Tests.swift */,
			);
			path = calculator1Tests;
			sourceTree = "<group>";
		};
		3820FF772AC1DC7500FA7A2F /* calculator1UITests */ = {
			isa = PBXGroup;
			children = (
				3820FF782AC1DC7500FA7A2F /* calculator1UITests.swift */,
				3820FF7A2AC1DC7500FA7A2F /* calculator1UITestsLaunchTests.swift */,
			);
			path = calculator1UITests;
			sourceTree = "<group>";
		};
/* End PBXGroup section */

/* Begin PBXNativeTarget section */
		3820FF592AC1DC7400FA7A2F /* calculator1 */ = {
			isa = PBXNativeTarget;
			buildConfigurationList = 3820FF7E2AC1DC7500FA7A2F /* Build configuration list for PBXNativeTarget "calculator1" */;
			buildPhases = (
				3820FF562AC1DC7400FA7A2F /* Sources */,
				3820FF572AC1DC7400FA7A2F /* Frameworks */,
				3820FF582AC1DC7400FA7A2F /* Resources */,
			);
			buildRules = (
			);
			dependencies = (
			);
			name = calculator1;
			productName = calculator1;
			productReference = 3820FF5A2AC1DC7400FA7A2F /* calculator1.app */;
			productType = "com.apple.product-type.application";
		};
		3820FF692AC1DC7500FA7A2F /* calculator1Tests */ = {
			isa = PBXNativeTarget;
			buildConfigurationList = 3820FF812AC1DC7500FA7A2F /* Build configuration list for PBXNativeTarget "calculator1Tests" */;
			buildPhases = (
				3820FF662AC1DC7500FA7A2F /* Sources */,
				3820FF672AC1DC7500FA7A2F /* Frameworks */,
				3820FF682AC1DC7500FA7A2F /* Resources */,
			);
			buildRules = (
			);
			dependencies = (
				3820FF6C2AC1DC7500FA7A2F /* PBXTargetDependency */,
			);
			name = calculator1Tests;
			productName = calculator1Tests;
			productReference = 3820FF6A2AC1DC7500FA7A2F /* calculator1Tests.xctest */;
			productType = "com.apple.product-type.bundle.unit-test";
		};
		3820FF732AC1DC7500FA7A2F /* calculator1UITests */ = {
			isa = PBXNativeTarget;
			buildConfigurationList = 3820FF842AC1DC7500FA7A2F /* Build configuration list for PBXNativeTarget "calculator1UITests" */;
			buildPhases = (
				3820FF702AC1DC7500FA7A2F /* Sources */,
				3820FF712AC1DC7500FA7A2F /* Frameworks */,
				3820FF722AC1DC7500FA7A2F /* Resources */,
			);
			buildRules = (
			);
			dependencies = (
				3820FF762AC1DC7500FA7A2F /* PBXTargetDependency */,
			);
			name = calculator1UITests;
			productName = calculator1UITests;
			productReference = 3820FF742AC1DC7500FA7A2F /* calculator1UITests.xctest */;
			productType = "com.apple.product-type.bundle.ui-testing";
		};
/* End PBXNativeTarget section */

/* Begin PBXProject section */
		3820FF522AC1DC7400FA7A2F /* Project object */ = {
			isa = PBXProject;
			attributes = {
				BuildIndependentTargetsInParallel = 1;
				LastSwiftUpdateCheck = 1430;
				LastUpgradeCheck = 1430;
				TargetAttributes = {
					3820FF592AC1DC7400FA7A2F = {
						CreatedOnToolsVersion = 14.3.1;
					};
					3820FF692AC1DC7500FA7A2F = {
						CreatedOnToolsVersion = 14.3.1;
						TestTargetID = 3820FF592AC1DC7400FA7A2F;
					};
					3820FF732AC1DC7500FA7A2F = {
						CreatedOnToolsVersion = 14.3.1;
						TestTargetID = 3820FF592AC1DC7400FA7A2F;
					};
				};
			};
			buildConfigurationList = 3820FF552AC1DC7400FA7A2F /* Build configuration list for PBXProject "calculator1" */;
			compatibilityVersion = "Xcode 14.0";
			developmentRegion = en;
			hasScannedForEncodings = 0;
			knownRegions = (
				en,
				Base,
			);
			mainGroup = 3820FF512AC1DC7400FA7A2F;
			productRefGroup = 3820FF5B2AC1DC7400FA7A2F /* Products */;
			projectDirPath = "";
			projectRoot = "";
			targets = (
				3820FF592AC1DC7400FA7A2F /* calculator1 */,
				3820FF692AC1DC7500FA7A2F /* calculator1Tests */,
				3820FF732AC1DC7500FA7A2F /* calculator1UITests */,
			);
		};
/* End PBXProject section */

/* Begin PBXResourcesBuildPhase section */
		3820FF582AC1DC7400FA7A2F /* Resources */ = {
			isa = PBXResourcesBuildPhase;
			buildActionMask = 2147483647;
			files = (
				3820FF652AC1DC7500FA7A2F /* Preview Assets.xcassets in Resources */,
				3820FF622AC1DC7500FA7A2F /* Assets.xcassets in Resources */,
			);
			runOnlyForDeploymentPostprocessing = 0;
		};
		3820FF682AC1DC7500FA7A2F /* Resources */ = {
			isa = PBXResourcesBuildPhase;
			buildActionMask = 2147483647;
			files = (
			);
			runOnlyForDeploymentPostprocessing = 0;
		};
		3820FF722AC1DC7500FA7A2F /* Resources */ = {
			isa = PBXResourcesBuildPhase;
			buildActionMask = 2147483647;
			files = (
			);
			runOnlyForDeploymentPostprocessing = 0;
		};
/* End PBXResourcesBuildPhase section */

/* Begin PBXSourcesBuildPhase section */
		3820FF562AC1DC7400FA7A2F /* Sources */ = {
			isa = PBXSourcesBuildPhase;
			buildActionMask = 2147483647;
			files = (
				3820FF602AC1DC7400FA7A2F /* ContentView.swift in Sources */,
				3820FF5E2AC1DC7400FA7A2F /* calculator1App.swift in Sources */,
			);
			runOnlyForDeploymentPostprocessing = 0;
		};
		3820FF662AC1DC7500FA7A2F /* Sources */ = {
			isa = PBXSourcesBuildPhase;
			buildActionMask = 2147483647;
			files = (
				3820FF6F2AC1DC7500FA7A2F /* calculator1Tests.swift in Sources */,
			);
			runOnlyForDeploymentPostprocessing = 0;
		};
		3820FF702AC1DC7500FA7A2F /* Sources */ = {
			isa = PBXSourcesBuildPhase;
			buildActionMask = 2147483647;
			files = (
				3820FF7B2AC1DC7500FA7A2F /* calculator1UITestsLaunchTests.swift in Sources */,
				3820FF792AC1DC7500FA7A2F /* calculator1UITests.swift in Sources */,
			);
			runOnlyForDeploymentPostprocessing = 0;
		};
/* End PBXSourcesBuildPhase section */

/* Begin PBXTargetDependency section */
		3820FF6C2AC1DC7500FA7A2F /* PBXTargetDependency */ = {
			isa = PBXTargetDependency;
			target = 3820FF592AC1DC7400FA7A2F /* calculator1 */;
			targetProxy = 3820FF6B2AC1DC7500FA7A2F /* PBXContainerItemProxy */;
		};
		3820FF762AC1DC7500FA7A2F /* PBXTargetDependency */ = {
			isa = PBXTargetDependency;
			target = 3820FF592AC1DC7400FA7A2F /* calculator1 */;
			targetProxy = 3820FF752AC1DC7500FA7A2F /* PBXContainerItemProxy */;
		};
/* End PBXTargetDependency section */

/* Begin XCBuildConfiguration section */
		3820FF7C2AC1DC7500FA7A2F /* Debug */ = {
			isa = XCBuildConfiguration;
			buildSettings = {
				ALWAYS_SEARCH_USER_PATHS = NO;
				CLANG_ANALYZER_NONNULL = YES;
				CLANG_ANALYZER_NUMBER_OBJECT_CONVERSION = YES_AGGRESSIVE;
				CLANG_CXX_LANGUAGE_STANDARD = "gnu++20";
				CLANG_ENABLE_MODULES = YES;
				CLANG_ENABLE_OBJC_ARC = YES;
				CLANG_ENABLE_OBJC_WEAK = YES;
				CLANG_WARN_BLOCK_CAPTURE_AUTORELEASING = YES;
				CLANG_WARN_BOOL_CONVERSION = YES;
				CLANG_WARN_COMMA = YES;
				CLANG_WARN_CONSTANT_CONVERSION = YES;
				CLANG_WARN_DEPRECATED_OBJC_IMPLEMENTATIONS = YES;
				CLANG_WARN_DIRECT_OBJC_ISA_USAGE = YES_ERROR;
				CLANG_WARN_DOCUMENTATION_COMMENTS = YES;
				CLANG_WARN_EMPTY_BODY = YES;
				CLANG_WARN_ENUM_CONVERSION = YES;
				CLANG_WARN_INFINITE_RECURSION = YES;
				CLANG_WARN_INT_CONVERSION = YES;
				CLANG_WARN_NON_LITERAL_NULL_CONVERSION = YES;
				CLANG_WARN_OBJC_IMPLICIT_RETAIN_SELF = YES;
				CLANG_WARN_OBJC_LITERAL_CONVERSION = YES;
				CLANG_WARN_OBJC_ROOT_CLASS = YES_ERROR;
				CLANG_WARN_QUOTED_INCLUDE_IN_FRAMEWORK_HEADER = YES;
				CLANG_WARN_RANGE_LOOP_ANALYSIS = YES;
				CLANG_WARN_STRICT_PROTOTYPES = YES;
				CLANG_WARN_SUSPICIOUS_MOVE = YES;
				CLANG_WARN_UNGUARDED_AVAILABILITY = YES_AGGRESSIVE;
				CLANG_WARN_UNREACHABLE_CODE = YES;
				CLANG_WARN__DUPLICATE_METHOD_MATCH = YES;
				COPY_PHASE_STRIP = NO;
				DEBUG_INFORMATION_FORMAT = dwarf;
				ENABLE_STRICT_OBJC_MSGSEND = YES;
				ENABLE_TESTABILITY = YES;
				GCC_C_LANGUAGE_STANDARD = gnu11;
				GCC_DYNAMIC_NO_PIC = NO;
				GCC_NO_COMMON_BLOCKS = YES;
				GCC_OPTIMIZATION_LEVEL = 0;
				GCC_PREPROCESSOR_DEFINITIONS = (
					"DEBUG=1",
					"$(inherited)",
				);
				GCC_WARN_64_TO_32_BIT_CONVERSION = YES;
				GCC_WARN_ABOUT_RETURN_TYPE = YES_ERROR;
				GCC_WARN_UNDECLARED_SELECTOR = YES;
				GCC_WARN_UNINITIALIZED_AUTOS = YES_AGGRESSIVE;
				GCC_WARN_UNUSED_FUNCTION = YES;
				GCC_WARN_UNUSED_VARIABLE = YES;
				IPHONEOS_DEPLOYMENT_TARGET = 16.4;
				MTL_ENABLE_DEBUG_INFO = INCLUDE_SOURCE;
				MTL_FAST_MATH = YES;
				ONLY_ACTIVE_ARCH = YES;
				SDKROOT = iphoneos;
				SWIFT_ACTIVE_COMPILATION_CONDITIONS = DEBUG;
				SWIFT_OPTIMIZATION_LEVEL = "-Onone";
			};
			name = Debug;
		};
		3820FF7D2AC1DC7500FA7A2F /* Release */ = {
			isa = XCBuildConfiguration;
			buildSettings = {
				ALWAYS_SEARCH_USER_PATHS = NO;
				CLANG_ANALYZER_NONNULL = YES;
				CLANG_ANALYZER_NUMBER_OBJECT_CONVERSION = YES_AGGRESSIVE;
				CLANG_CXX_LANGUAGE_STANDARD = "gnu++20";
				CLANG_ENABLE_MODULES = YES;
				CLANG_ENABLE_OBJC_ARC = YES;
				CLANG_ENABLE_OBJC_WEAK = YES;
				CLANG_WARN_BLOCK_CAPTURE_AUTORELEASING = YES;
				CLANG_WARN_BOOL_CONVERSION = YES;
				CLANG_WARN_COMMA = YES;
				CLANG_WARN_CONSTANT_CONVERSION = YES;
				CLANG_WARN_DEPRECATED_OBJC_IMPLEMENTATIONS = YES;
				CLANG_WARN_DIRECT_OBJC_ISA_USAGE = YES_ERROR;
				CLANG_WARN_DOCUMENTATION_COMMENTS = YES;
				CLANG_WARN_EMPTY_BODY = YES;
				CLANG_WARN_ENUM_CONVERSION = YES;
				CLANG_WARN_INFINITE_RECURSION = YES;
				CLANG_WARN_INT_CONVERSION = YES;
				CLANG_WARN_NON_LITERAL_NULL_CONVERSION = YES;
				CLANG_WARN_OBJC_IMPLICIT_RETAIN_SELF = YES;
				CLANG_WARN_OBJC_LITERAL_CONVERSION = YES;
				CLANG_WARN_OBJC_ROOT_CLASS = YES_ERROR;
				CLANG_WARN_QUOTED_INCLUDE_IN_FRAMEWORK_HEADER = YES;
				CLANG_WARN_RANGE_LOOP_ANALYSIS = YES;
				CLANG_WARN_STRICT_PROTOTYPES = YES;
				CLANG_WARN_SUSPICIOUS_MOVE = YES;
				CLANG_WARN_UNGUARDED_AVAILABILITY = YES_AGGRESSIVE;
				CLANG_WARN_UNREACHABLE_CODE = YES;
				CLANG_WARN__DUPLICATE_METHOD_MATCH = YES;
				COPY_PHASE_STRIP = NO;
				DEBUG_INFORMATION_FORMAT = "dwarf-with-dsym";
				ENABLE_NS_ASSERTIONS = NO;
				ENABLE_STRICT_OBJC_MSGSEND = YES;
				GCC_C_LANGUAGE_STANDARD = gnu11;
				GCC_NO_COMMON_BLOCKS = YES;
				GCC_WARN_64_TO_32_BIT_CONVERSION = YES;
				GCC_WARN_ABOUT_RETURN_TYPE = YES_ERROR;
				GCC_WARN_UNDECLARED_SELECTOR = YES;
				GCC_WARN_UNINITIALIZED_AUTOS = YES_AGGRESSIVE;
				GCC_WARN_UNUSED_FUNCTION = YES;
				GCC_WARN_UNUSED_VARIABLE = YES;
				IPHONEOS_DEPLOYMENT_TARGET = 16.4;
				MTL_ENABLE_DEBUG_INFO = NO;
				MTL_FAST_MATH = YES;
				SDKROOT = iphoneos;
				SWIFT_COMPILATION_MODE = wholemodule;
				SWIFT_OPTIMIZATION_LEVEL = "-O";
				VALIDATE_PRODUCT = YES;
			};
			name = Release;
		};
		3820FF7F2AC1DC7500FA7A2F /* Debug */ = {
			isa = XCBuildConfiguration;
			buildSettings = {
				ASSETCATALOG_COMPILER_APPICON_NAME = AppIcon;
				ASSETCATALOG_COMPILER_GLOBAL_ACCENT_COLOR_NAME = AccentColor;
				CODE_SIGN_STYLE = Automatic;
				CURRENT_PROJECT_VERSION = 1;
				DEVELOPMENT_ASSET_PATHS = "\"calculator1/Preview Content\"";
				DEVELOPMENT_TEAM = 6XVTBTTTFN;
				ENABLE_PREVIEWS = YES;
				GENERATE_INFOPLIST_FILE = YES;
				INFOPLIST_KEY_UIApplicationSceneManifest_Generation = YES;
				INFOPLIST_KEY_UIApplicationSupportsIndirectInputEvents = YES;
				INFOPLIST_KEY_UILaunchScreen_Generation = YES;
				INFOPLIST_KEY_UISupportedInterfaceOrientations_iPad = "UIInterfaceOrientationPortrait UIInterfaceOrientationPortraitUpsideDown UIInterfaceOrientationLandscapeLeft UIInterfaceOrientationLandscapeRight";
				INFOPLIST_KEY_UISupportedInterfaceOrientations_iPhone = "UIInterfaceOrientationPortrait UIInterfaceOrientationLandscapeLeft UIInterfaceOrientationLandscapeRight";
				LD_RUNPATH_SEARCH_PATHS = (
					"$(inherited)",
					"@executable_path/Frameworks",
				);
				MARKETING_VERSION = 1.0;
				PRODUCT_BUNDLE_IDENTIFIER = uno.calculator1;
				PRODUCT_NAME = "$(TARGET_NAME)";
				SWIFT_EMIT_LOC_STRINGS = YES;
				SWIFT_VERSION = 5.0;
				TARGETED_DEVICE_FAMILY = "1,2";
			};
			name = Debug;
		};
		3820FF802AC1DC7500FA7A2F /* Release */ = {
			isa = XCBuildConfiguration;
			buildSettings = {
				ASSETCATALOG_COMPILER_APPICON_NAME = AppIcon;
				ASSETCATALOG_COMPILER_GLOBAL_ACCENT_COLOR_NAME = AccentColor;
				CODE_SIGN_STYLE = Automatic;
				CURRENT_PROJECT_VERSION = 1;
				DEVELOPMENT_ASSET_PATHS = "\"calculator1/Preview Content\"";
				DEVELOPMENT_TEAM = 6XVTBTTTFN;
				ENABLE_PREVIEWS = YES;
				GENERATE_INFOPLIST_FILE = YES;
				INFOPLIST_KEY_UIApplicationSceneManifest_Generation = YES;
				INFOPLIST_KEY_UIApplicationSupportsIndirectInputEvents = YES;
				INFOPLIST_KEY_UILaunchScreen_Generation = YES;
				INFOPLIST_KEY_UISupportedInterfaceOrientations_iPad = "UIInterfaceOrientationPortrait UIInterfaceOrientationPortraitUpsideDown UIInterfaceOrientationLandscapeLeft UIInterfaceOrientationLandscapeRight";
				INFOPLIST_KEY_UISupportedInterfaceOrientations_iPhone = "UIInterfaceOrientationPortrait UIInterfaceOrientationLandscapeLeft UIInterfaceOrientationLandscapeRight";
				LD_RUNPATH_SEARCH_PATHS = (
					"$(inherited)",
					"@executable_path/Frameworks",
				);
				MARKETING_VERSION = 1.0;
				PRODUCT_BUNDLE_IDENTIFIER = uno.calculator1;
				PRODUCT_NAME = "$(TARGET_NAME)";
				SWIFT_EMIT_LOC_STRINGS = YES;
				SWIFT_VERSION = 5.0;
				TARGETED_DEVICE_FAMILY = "1,2";
			};
			name = Release;
		};
		3820FF822AC1DC7500FA7A2F /* Debug */ = {
			isa = XCBuildConfiguration;
			buildSettings = {
				ALWAYS_EMBED_SWIFT_STANDARD_LIBRARIES = YES;
				BUNDLE_LOADER = "$(TEST_HOST)";
				CODE_SIGN_STYLE = Automatic;
				CURRENT_PROJECT_VERSION = 1;
				DEVELOPMENT_TEAM = 6XVTBTTTFN;
				GENERATE_INFOPLIST_FILE = YES;
				IPHONEOS_DEPLOYMENT_TARGET = 16.4;
				MARKETING_VERSION = 1.0;
				PRODUCT_BUNDLE_IDENTIFIER = uno.calculator1Tests;
				PRODUCT_NAME = "$(TARGET_NAME)";
				SWIFT_EMIT_LOC_STRINGS = NO;
				SWIFT_VERSION = 5.0;
				TARGETED_DEVICE_FAMILY = "1,2";
				TEST_HOST = "$(BUILT_PRODUCTS_DIR)/calculator1.app/$(BUNDLE_EXECUTABLE_FOLDER_PATH)/calculator1";
			};
			name = Debug;
		};
		3820FF832AC1DC7500FA7A2F /* Release */ = {
			isa = XCBuildConfiguration;
			buildSettings = {
				ALWAYS_EMBED_SWIFT_STANDARD_LIBRARIES = YES;
				BUNDLE_LOADER = "$(TEST_HOST)";
				CODE_SIGN_STYLE = Automatic;
				CURRENT_PROJECT_VERSION = 1;
				DEVELOPMENT_TEAM = 6XVTBTTTFN;
				GENERATE_INFOPLIST_FILE = YES;
				IPHONEOS_DEPLOYMENT_TARGET = 16.4;
				MARKETING_VERSION = 1.0;
				PRODUCT_BUNDLE_IDENTIFIER = uno.calculator1Tests;
				PRODUCT_NAME = "$(TARGET_NAME)";
				SWIFT_EMIT_LOC_STRINGS = NO;
				SWIFT_VERSION = 5.0;
				TARGETED_DEVICE_FAMILY = "1,2";
				TEST_HOST = "$(BUILT_PRODUCTS_DIR)/calculator1.app/$(BUNDLE_EXECUTABLE_FOLDER_PATH)/calculator1";
			};
			name = Release;
		};
		3820FF852AC1DC7500FA7A2F /* Debug */ = {
			isa = XCBuildConfiguration;
			buildSettings = {
				ALWAYS_EMBED_SWIFT_STANDARD_LIBRARIES = YES;
				CODE_SIGN_STYLE = Automatic;
				CURRENT_PROJECT_VERSION = 1;
				DEVELOPMENT_TEAM = 6XVTBTTTFN;
				GENERATE_INFOPLIST_FILE = YES;
				MARKETING_VERSION = 1.0;
				PRODUCT_BUNDLE_IDENTIFIER = uno.calculator1UITests;
				PRODUCT_NAME = "$(TARGET_NAME)";
				SWIFT_EMIT_LOC_STRINGS = NO;
				SWIFT_VERSION = 5.0;
				TARGETED_DEVICE_FAMILY = "1,2";
				TEST_TARGET_NAME = calculator1;
			};
			name = Debug;
		};
		3820FF862AC1DC7500FA7A2F /* Release */ = {
			isa = XCBuildConfiguration;
			buildSettings = {
				ALWAYS_EMBED_SWIFT_STANDARD_LIBRARIES = YES;
				CODE_SIGN_STYLE = Automatic;
				CURRENT_PROJECT_VERSION = 1;
				DEVELOPMENT_TEAM = 6XVTBTTTFN;
				GENERATE_INFOPLIST_FILE = YES;
				MARKETING_VERSION = 1.0;
				PRODUCT_BUNDLE_IDENTIFIER = uno.calculator1UITests;
				PRODUCT_NAME = "$(TARGET_NAME)";
				SWIFT_EMIT_LOC_STRINGS = NO;
				SWIFT_VERSION = 5.0;
				TARGETED_DEVICE_FAMILY = "1,2";
				TEST_TARGET_NAME = calculator1;
			};
			name = Release;
		};
/* End XCBuildConfiguration section */

/* Begin XCConfigurationList section */
		3820FF552AC1DC7400FA7A2F /* Build configuration list for PBXProject "calculator1" */ = {
			isa = XCConfigurationList;
			buildConfigurations = (
				3820FF7C2AC1DC7500FA7A2F /* Debug */,
				3820FF7D2AC1DC7500FA7A2F /* Release */,
			);
			defaultConfigurationIsVisible = 0;
			defaultConfigurationName = Release;
		};
		3820FF7E2AC1DC7500FA7A2F /* Build configuration list for PBXNativeTarget "calculator1" */ = {
			isa = XCConfigurationList;
			buildConfigurations = (
				3820FF7F2AC1DC7500FA7A2F /* Debug */,
				3820FF802AC1DC7500FA7A2F /* Release */,
			);
			defaultConfigurationIsVisible = 0;
			defaultConfigurationName = Release;
		};
		3820FF812AC1DC7500FA7A2F /* Build configuration list for PBXNativeTarget "calculator1Tests" */ = {
			isa = XCConfigurationList;
			buildConfigurations = (
				3820FF822AC1DC7500FA7A2F /* Debug */,
				3820FF832AC1DC7500FA7A2F /* Release */,
			);
			defaultConfigurationIsVisible = 0;
			defaultConfigurationName = Release;
		};
		3820FF842AC1DC7500FA7A2F /* Build configuration list for PBXNativeTarget "calculator1UITests" */ = {
			isa = XCConfigurationList;
			buildConfigurations = (
				3820FF852AC1DC7500FA7A2F /* Debug */,
				3820FF862AC1DC7500FA7A2F /* Release */,
			);
			defaultConfigurationIsVisible = 0;
			defaultConfigurationName = Release;
		};
/* End XCConfigurationList section */
	};
	rootObject = 3820FF522AC1DC7400FA7A2F /* Project object */;
}
